// !$*UTF8*$!
{
	archiveVersion = 1;
	classes = {
	};
	objectVersion = 46;
	objects = {

/* Begin PBXBuildFile section */
		922E754B1A6772DA00E1FD3B /* NoiseSource.cpp in Sources */ = {isa = PBXBuildFile; fileRef = 92AC4F531A2F6F3500C9DB82 /* NoiseSource.cpp */; };
		922E754C1A6772DA00E1FD3B /* SynthNote.cpp in Sources */ = {isa = PBXBuildFile; fileRef = 92717B9A1A19A7DC00B87C38 /* SynthNote.cpp */; };
		922E754D1A6772DA00E1FD3B /* ModWheel.cpp in Sources */ = {isa = PBXBuildFile; fileRef = 9291A6D61A45D98B00AA6E18 /* ModWheel.cpp */; };
		922E754E1A6772DA00E1FD3B /* Mixer.cpp in Sources */ = {isa = PBXBuildFile; fileRef = 923D02031A4BCAC30095A7DC /* Mixer.cpp */; };
		922E754F1A6772DA00E1FD3B /* AUScopeElement.cpp in Sources */ = {isa = PBXBuildFile; fileRef = 92717B861A19A7DC00B87C38 /* AUScopeElement.cpp */; };
		922E75501A6772DA00E1FD3B /* MVS.cpp in Sources */ = {isa = PBXBuildFile; fileRef = 92717BD61A19A7DC00B87C38 /* MVS.cpp */; };
		922E75511A6772DA00E1FD3B /* Amplifier.cpp in Sources */ = {isa = PBXBuildFile; fileRef = 92E00EE21A552CE300241D82 /* Amplifier.cpp */; };
		922E75521A6772DA00E1FD3B /* ParamSet.cpp in Sources */ = {isa = PBXBuildFile; fileRef = 926C8C091A4118050082B95A /* ParamSet.cpp */; };
		922E75531A6772DA00E1FD3B /* AUOutputElement.cpp in Sources */ = {isa = PBXBuildFile; fileRef = 92717B801A19A7DC00B87C38 /* AUOutputElement.cpp */; };
		922E75541A6772DA00E1FD3B /* ComponentBase.cpp in Sources */ = {isa = PBXBuildFile; fileRef = 92717B891A19A7DC00B87C38 /* ComponentBase.cpp */; };
		922E75551A6772DA00E1FD3B /* AUBuffer.cpp in Sources */ = {isa = PBXBuildFile; fileRef = 92717B8D1A19A7DC00B87C38 /* AUBuffer.cpp */; };
		922E75561A6772DA00E1FD3B /* MusicDeviceBase.cpp in Sources */ = {isa = PBXBuildFile; fileRef = 92717BA41A19A7DC00B87C38 /* MusicDeviceBase.cpp */; };
		922E75571A6772DA00E1FD3B /* CAMutex.cpp in Sources */ = {isa = PBXBuildFile; fileRef = 92717BC51A19A7DC00B87C38 /* CAMutex.cpp */; };
		922E75581A6772DA00E1FD3B /* Filter.cpp in Sources */ = {isa = PBXBuildFile; fileRef = 92E00EE61A56167400241D82 /* Filter.cpp */; };
		922E75591A6772DA00E1FD3B /* CAAudioChannelLayout.cpp in Sources */ = {isa = PBXBuildFile; fileRef = 92717BB51A19A7DC00B87C38 /* CAAudioChannelLayout.cpp */; };
		922E755A1A6772DA00E1FD3B /* SynthNoteList.cpp in Sources */ = {isa = PBXBuildFile; fileRef = 92717B9D1A19A7DC00B87C38 /* SynthNoteList.cpp */; };
		922E755B1A6772DA00E1FD3B /* SynthElement.cpp in Sources */ = {isa = PBXBuildFile; fileRef = 92717B961A19A7DC00B87C38 /* SynthElement.cpp */; };
		922E755C1A6772DA00E1FD3B /* Envelope.cpp in Sources */ = {isa = PBXBuildFile; fileRef = 92717BE01A19B5DD00B87C38 /* Envelope.cpp */; };
		922E755D1A6772DA00E1FD3B /* CAAUMIDIMap.cpp in Sources */ = {isa = PBXBuildFile; fileRef = 92717BAC1A19A7DC00B87C38 /* CAAUMIDIMap.cpp */; };
		922E755E1A6772DA00E1FD3B /* AUBase.cpp in Sources */ = {isa = PBXBuildFile; fileRef = 92717B791A19A7DC00B87C38 /* AUBase.cpp */; };
		922E755F1A6772DA00E1FD3B /* Oscillator.cpp in Sources */ = {isa = PBXBuildFile; fileRef = 92717BE31A1A498100B87C38 /* Oscillator.cpp */; };
		922E75601A6772DA00E1FD3B /* Random.cpp in Sources */ = {isa = PBXBuildFile; fileRef = 92DD0C051A4691CC00B18028 /* Random.cpp */; };
		922E75611A6772DA00E1FD3B /* CAXException.cpp in Sources */ = {isa = PBXBuildFile; fileRef = 92717BD11A19A7DC00B87C38 /* CAXException.cpp */; };
		922E75621A6772DA00E1FD3B /* AUPluginDispatch.cpp in Sources */ = {isa = PBXBuildFile; fileRef = 92717B831A19A7DC00B87C38 /* AUPluginDispatch.cpp */; };
		922E75631A6772DA00E1FD3B /* AUInputElement.cpp in Sources */ = {isa = PBXBuildFile; fileRef = 92717B7D1A19A7DC00B87C38 /* AUInputElement.cpp */; };
		922E75641A6772DA00E1FD3B /* CABufferList.cpp in Sources */ = {isa = PBXBuildFile; fileRef = 92717BB91A19A7DC00B87C38 /* CABufferList.cpp */; };
		922E75651A6772DA00E1FD3B /* CAStreamBasicDescription.cpp in Sources */ = {isa = PBXBuildFile; fileRef = 92717BC91A19A7DC00B87C38 /* CAStreamBasicDescription.cpp */; };
		922E75661A6772DA00E1FD3B /* AUInstrumentBase.cpp in Sources */ = {isa = PBXBuildFile; fileRef = 92717B911A19A7DC00B87C38 /* AUInstrumentBase.cpp */; };
		922E75671A6772DA00E1FD3B /* CAHostTimeBase.cpp in Sources */ = {isa = PBXBuildFile; fileRef = 92717BC11A19A7DC00B87C38 /* CAHostTimeBase.cpp */; };
		922E75681A6772DA00E1FD3B /* LFO.cpp in Sources */ = {isa = PBXBuildFile; fileRef = 92DD0C021A468F2500B18028 /* LFO.cpp */; };
		922E75691A6772DA00E1FD3B /* CAVectorUnit.cpp in Sources */ = {isa = PBXBuildFile; fileRef = 92717BCD1A19A7DC00B87C38 /* CAVectorUnit.cpp */; };
		922E756A1A6772DA00E1FD3B /* CAAUMIDIMapManager.cpp in Sources */ = {isa = PBXBuildFile; fileRef = 92717BAF1A19A7DC00B87C38 /* CAAUMIDIMapManager.cpp */; };
		922E756B1A6772DA00E1FD3B /* CADebugPrintf.cpp in Sources */ = {isa = PBXBuildFile; fileRef = 92717BBD1A19A7DC00B87C38 /* CADebugPrintf.cpp */; };
		922E756C1A6772DA00E1FD3B /* AUBaseHelper.cpp in Sources */ = {isa = PBXBuildFile; fileRef = 92717BA71A19A7DC00B87C38 /* AUBaseHelper.cpp */; };
		922E756D1A6772DA00E1FD3B /* Decimator.cpp in Sources */ = {isa = PBXBuildFile; fileRef = 929D3C371A2A3DDC0049102A /* Decimator.cpp */; };
		922E756E1A6772DA00E1FD3B /* AUMIDIBase.cpp in Sources */ = {isa = PBXBuildFile; fileRef = 92717BA11A19A7DC00B87C38 /* AUMIDIBase.cpp */; };
		922E75701A6772DA00E1FD3B /* CoreMIDI.framework in Frameworks */ = {isa = PBXBuildFile; fileRef = 92717B6C1A19A7DC00B87C38 /* CoreMIDI.framework */; };
		922E75711A6772DA00E1FD3B /* AudioUnit.framework in Frameworks */ = {isa = PBXBuildFile; fileRef = 92717B721A19A7DC00B87C38 /* AudioUnit.framework */; };
		922E75721A6772DA00E1FD3B /* CoreServices.framework in Frameworks */ = {isa = PBXBuildFile; fileRef = 92717B701A19A7DC00B87C38 /* CoreServices.framework */; };
		922E75731A6772DA00E1FD3B /* AudioToolbox.framework in Frameworks */ = {isa = PBXBuildFile; fileRef = 92717B6E1A19A7DC00B87C38 /* AudioToolbox.framework */; };
		922E75751A6772DA00E1FD3B /* MVS 4_Prefix.pch in Resources */ = {isa = PBXBuildFile; fileRef = 92717BD91A19A7DC00B87C38 /* MVS 4_Prefix.pch */; };
		923D02051A4BCAC30095A7DC /* Mixer.cpp in Sources */ = {isa = PBXBuildFile; fileRef = 923D02031A4BCAC30095A7DC /* Mixer.cpp */; };
		926C8C0B1A4118050082B95A /* ParamSet.cpp in Sources */ = {isa = PBXBuildFile; fileRef = 926C8C091A4118050082B95A /* ParamSet.cpp */; };
		92717B6D1A19A7DC00B87C38 /* CoreMIDI.framework in Frameworks */ = {isa = PBXBuildFile; fileRef = 92717B6C1A19A7DC00B87C38 /* CoreMIDI.framework */; };
		92717B6F1A19A7DC00B87C38 /* AudioToolbox.framework in Frameworks */ = {isa = PBXBuildFile; fileRef = 92717B6E1A19A7DC00B87C38 /* AudioToolbox.framework */; };
		92717B711A19A7DC00B87C38 /* CoreServices.framework in Frameworks */ = {isa = PBXBuildFile; fileRef = 92717B701A19A7DC00B87C38 /* CoreServices.framework */; };
		92717B731A19A7DC00B87C38 /* AudioUnit.framework in Frameworks */ = {isa = PBXBuildFile; fileRef = 92717B721A19A7DC00B87C38 /* AudioUnit.framework */; };
		92717B7A1A19A7DC00B87C38 /* AUBase.cpp in Sources */ = {isa = PBXBuildFile; fileRef = 92717B791A19A7DC00B87C38 /* AUBase.cpp */; };
		92717B7E1A19A7DC00B87C38 /* AUInputElement.cpp in Sources */ = {isa = PBXBuildFile; fileRef = 92717B7D1A19A7DC00B87C38 /* AUInputElement.cpp */; };
		92717B811A19A7DC00B87C38 /* AUOutputElement.cpp in Sources */ = {isa = PBXBuildFile; fileRef = 92717B801A19A7DC00B87C38 /* AUOutputElement.cpp */; };
		92717B841A19A7DC00B87C38 /* AUPluginDispatch.cpp in Sources */ = {isa = PBXBuildFile; fileRef = 92717B831A19A7DC00B87C38 /* AUPluginDispatch.cpp */; };
		92717B871A19A7DC00B87C38 /* AUScopeElement.cpp in Sources */ = {isa = PBXBuildFile; fileRef = 92717B861A19A7DC00B87C38 /* AUScopeElement.cpp */; };
		92717B8A1A19A7DC00B87C38 /* ComponentBase.cpp in Sources */ = {isa = PBXBuildFile; fileRef = 92717B891A19A7DC00B87C38 /* ComponentBase.cpp */; };
		92717B8E1A19A7DC00B87C38 /* AUBuffer.cpp in Sources */ = {isa = PBXBuildFile; fileRef = 92717B8D1A19A7DC00B87C38 /* AUBuffer.cpp */; };
		92717B921A19A7DC00B87C38 /* AUInstrumentBase.cpp in Sources */ = {isa = PBXBuildFile; fileRef = 92717B911A19A7DC00B87C38 /* AUInstrumentBase.cpp */; };
		92717B971A19A7DC00B87C38 /* SynthElement.cpp in Sources */ = {isa = PBXBuildFile; fileRef = 92717B961A19A7DC00B87C38 /* SynthElement.cpp */; };
		92717B9B1A19A7DC00B87C38 /* SynthNote.cpp in Sources */ = {isa = PBXBuildFile; fileRef = 92717B9A1A19A7DC00B87C38 /* SynthNote.cpp */; };
		92717B9E1A19A7DC00B87C38 /* SynthNoteList.cpp in Sources */ = {isa = PBXBuildFile; fileRef = 92717B9D1A19A7DC00B87C38 /* SynthNoteList.cpp */; };
		92717BA21A19A7DC00B87C38 /* AUMIDIBase.cpp in Sources */ = {isa = PBXBuildFile; fileRef = 92717BA11A19A7DC00B87C38 /* AUMIDIBase.cpp */; };
		92717BA51A19A7DC00B87C38 /* MusicDeviceBase.cpp in Sources */ = {isa = PBXBuildFile; fileRef = 92717BA41A19A7DC00B87C38 /* MusicDeviceBase.cpp */; };
		92717BA81A19A7DC00B87C38 /* AUBaseHelper.cpp in Sources */ = {isa = PBXBuildFile; fileRef = 92717BA71A19A7DC00B87C38 /* AUBaseHelper.cpp */; };
		92717BAD1A19A7DC00B87C38 /* CAAUMIDIMap.cpp in Sources */ = {isa = PBXBuildFile; fileRef = 92717BAC1A19A7DC00B87C38 /* CAAUMIDIMap.cpp */; };
		92717BB01A19A7DC00B87C38 /* CAAUMIDIMapManager.cpp in Sources */ = {isa = PBXBuildFile; fileRef = 92717BAF1A19A7DC00B87C38 /* CAAUMIDIMapManager.cpp */; };
		92717BB61A19A7DC00B87C38 /* CAAudioChannelLayout.cpp in Sources */ = {isa = PBXBuildFile; fileRef = 92717BB51A19A7DC00B87C38 /* CAAudioChannelLayout.cpp */; };
		92717BBA1A19A7DC00B87C38 /* CABufferList.cpp in Sources */ = {isa = PBXBuildFile; fileRef = 92717BB91A19A7DC00B87C38 /* CABufferList.cpp */; };
		92717BBE1A19A7DC00B87C38 /* CADebugPrintf.cpp in Sources */ = {isa = PBXBuildFile; fileRef = 92717BBD1A19A7DC00B87C38 /* CADebugPrintf.cpp */; };
		92717BC21A19A7DC00B87C38 /* CAHostTimeBase.cpp in Sources */ = {isa = PBXBuildFile; fileRef = 92717BC11A19A7DC00B87C38 /* CAHostTimeBase.cpp */; };
		92717BC61A19A7DC00B87C38 /* CAMutex.cpp in Sources */ = {isa = PBXBuildFile; fileRef = 92717BC51A19A7DC00B87C38 /* CAMutex.cpp */; };
		92717BCA1A19A7DC00B87C38 /* CAStreamBasicDescription.cpp in Sources */ = {isa = PBXBuildFile; fileRef = 92717BC91A19A7DC00B87C38 /* CAStreamBasicDescription.cpp */; };
		92717BCE1A19A7DC00B87C38 /* CAVectorUnit.cpp in Sources */ = {isa = PBXBuildFile; fileRef = 92717BCD1A19A7DC00B87C38 /* CAVectorUnit.cpp */; };
		92717BD21A19A7DC00B87C38 /* CAXException.cpp in Sources */ = {isa = PBXBuildFile; fileRef = 92717BD11A19A7DC00B87C38 /* CAXException.cpp */; };
		92717BD71A19A7DC00B87C38 /* MVS.cpp in Sources */ = {isa = PBXBuildFile; fileRef = 92717BD61A19A7DC00B87C38 /* MVS.cpp */; };
		92717BDA1A19A7DC00B87C38 /* MVS 4_Prefix.pch in Resources */ = {isa = PBXBuildFile; fileRef = 92717BD91A19A7DC00B87C38 /* MVS 4_Prefix.pch */; };
		92717BE21A19B5DD00B87C38 /* Envelope.cpp in Sources */ = {isa = PBXBuildFile; fileRef = 92717BE01A19B5DD00B87C38 /* Envelope.cpp */; };
		92717BE51A1A498100B87C38 /* Oscillator.cpp in Sources */ = {isa = PBXBuildFile; fileRef = 92717BE31A1A498100B87C38 /* Oscillator.cpp */; };
		92717BED1A1B211600B87C38 /* main.cpp in Sources */ = {isa = PBXBuildFile; fileRef = 92717BEC1A1B211600B87C38 /* main.cpp */; };
		92717BF11A1B2BC100B87C38 /* Envelope.cpp in Sources */ = {isa = PBXBuildFile; fileRef = 92717BE01A19B5DD00B87C38 /* Envelope.cpp */; };
		92717BF21A1B2BC500B87C38 /* Oscillator.cpp in Sources */ = {isa = PBXBuildFile; fileRef = 92717BE31A1A498100B87C38 /* Oscillator.cpp */; };
		9291A6D81A45D98B00AA6E18 /* ModWheel.cpp in Sources */ = {isa = PBXBuildFile; fileRef = 9291A6D61A45D98B00AA6E18 /* ModWheel.cpp */; };
		929D3C391A2A3DDC0049102A /* Decimator.cpp in Sources */ = {isa = PBXBuildFile; fileRef = 929D3C371A2A3DDC0049102A /* Decimator.cpp */; };
		929D3C3A1A2A3DDC0049102A /* Decimator.cpp in Sources */ = {isa = PBXBuildFile; fileRef = 929D3C371A2A3DDC0049102A /* Decimator.cpp */; };
		92A723B71A67767B007EF2AF /* NoiseSource.cpp in Sources */ = {isa = PBXBuildFile; fileRef = 92AC4F531A2F6F3500C9DB82 /* NoiseSource.cpp */; };
		92A723B81A67767B007EF2AF /* SynthNote.cpp in Sources */ = {isa = PBXBuildFile; fileRef = 92717B9A1A19A7DC00B87C38 /* SynthNote.cpp */; };
		92A723B91A67767B007EF2AF /* ModWheel.cpp in Sources */ = {isa = PBXBuildFile; fileRef = 9291A6D61A45D98B00AA6E18 /* ModWheel.cpp */; };
		92A723BA1A67767B007EF2AF /* Mixer.cpp in Sources */ = {isa = PBXBuildFile; fileRef = 923D02031A4BCAC30095A7DC /* Mixer.cpp */; };
		92A723BB1A67767B007EF2AF /* AUScopeElement.cpp in Sources */ = {isa = PBXBuildFile; fileRef = 92717B861A19A7DC00B87C38 /* AUScopeElement.cpp */; };
		92A723BC1A67767B007EF2AF /* MVS.cpp in Sources */ = {isa = PBXBuildFile; fileRef = 92717BD61A19A7DC00B87C38 /* MVS.cpp */; };
		92A723BD1A67767B007EF2AF /* Amplifier.cpp in Sources */ = {isa = PBXBuildFile; fileRef = 92E00EE21A552CE300241D82 /* Amplifier.cpp */; };
		92A723BE1A67767B007EF2AF /* ParamSet.cpp in Sources */ = {isa = PBXBuildFile; fileRef = 926C8C091A4118050082B95A /* ParamSet.cpp */; };
		92A723BF1A67767B007EF2AF /* AUOutputElement.cpp in Sources */ = {isa = PBXBuildFile; fileRef = 92717B801A19A7DC00B87C38 /* AUOutputElement.cpp */; };
		92A723C01A67767B007EF2AF /* ComponentBase.cpp in Sources */ = {isa = PBXBuildFile; fileRef = 92717B891A19A7DC00B87C38 /* ComponentBase.cpp */; };
		92A723C11A67767B007EF2AF /* AUBuffer.cpp in Sources */ = {isa = PBXBuildFile; fileRef = 92717B8D1A19A7DC00B87C38 /* AUBuffer.cpp */; };
		92A723C21A67767B007EF2AF /* MusicDeviceBase.cpp in Sources */ = {isa = PBXBuildFile; fileRef = 92717BA41A19A7DC00B87C38 /* MusicDeviceBase.cpp */; };
		92A723C31A67767B007EF2AF /* CAMutex.cpp in Sources */ = {isa = PBXBuildFile; fileRef = 92717BC51A19A7DC00B87C38 /* CAMutex.cpp */; };
		92A723C41A67767B007EF2AF /* Filter.cpp in Sources */ = {isa = PBXBuildFile; fileRef = 92E00EE61A56167400241D82 /* Filter.cpp */; };
		92A723C51A67767B007EF2AF /* CAAudioChannelLayout.cpp in Sources */ = {isa = PBXBuildFile; fileRef = 92717BB51A19A7DC00B87C38 /* CAAudioChannelLayout.cpp */; };
		92A723C61A67767B007EF2AF /* SynthNoteList.cpp in Sources */ = {isa = PBXBuildFile; fileRef = 92717B9D1A19A7DC00B87C38 /* SynthNoteList.cpp */; };
		92A723C71A67767B007EF2AF /* SynthElement.cpp in Sources */ = {isa = PBXBuildFile; fileRef = 92717B961A19A7DC00B87C38 /* SynthElement.cpp */; };
		92A723C81A67767B007EF2AF /* Envelope.cpp in Sources */ = {isa = PBXBuildFile; fileRef = 92717BE01A19B5DD00B87C38 /* Envelope.cpp */; };
		92A723C91A67767B007EF2AF /* CAAUMIDIMap.cpp in Sources */ = {isa = PBXBuildFile; fileRef = 92717BAC1A19A7DC00B87C38 /* CAAUMIDIMap.cpp */; };
		92A723CA1A67767B007EF2AF /* AUBase.cpp in Sources */ = {isa = PBXBuildFile; fileRef = 92717B791A19A7DC00B87C38 /* AUBase.cpp */; };
		92A723CB1A67767B007EF2AF /* Oscillator.cpp in Sources */ = {isa = PBXBuildFile; fileRef = 92717BE31A1A498100B87C38 /* Oscillator.cpp */; };
		92A723CC1A67767B007EF2AF /* Random.cpp in Sources */ = {isa = PBXBuildFile; fileRef = 92DD0C051A4691CC00B18028 /* Random.cpp */; };
		92A723CD1A67767B007EF2AF /* CAXException.cpp in Sources */ = {isa = PBXBuildFile; fileRef = 92717BD11A19A7DC00B87C38 /* CAXException.cpp */; };
		92A723CE1A67767B007EF2AF /* AUPluginDispatch.cpp in Sources */ = {isa = PBXBuildFile; fileRef = 92717B831A19A7DC00B87C38 /* AUPluginDispatch.cpp */; };
		92A723CF1A67767B007EF2AF /* AUInputElement.cpp in Sources */ = {isa = PBXBuildFile; fileRef = 92717B7D1A19A7DC00B87C38 /* AUInputElement.cpp */; };
		92A723D01A67767B007EF2AF /* CABufferList.cpp in Sources */ = {isa = PBXBuildFile; fileRef = 92717BB91A19A7DC00B87C38 /* CABufferList.cpp */; };
		92A723D11A67767B007EF2AF /* CAStreamBasicDescription.cpp in Sources */ = {isa = PBXBuildFile; fileRef = 92717BC91A19A7DC00B87C38 /* CAStreamBasicDescription.cpp */; };
		92A723D21A67767B007EF2AF /* AUInstrumentBase.cpp in Sources */ = {isa = PBXBuildFile; fileRef = 92717B911A19A7DC00B87C38 /* AUInstrumentBase.cpp */; };
		92A723D31A67767B007EF2AF /* CAHostTimeBase.cpp in Sources */ = {isa = PBXBuildFile; fileRef = 92717BC11A19A7DC00B87C38 /* CAHostTimeBase.cpp */; };
		92A723D41A67767B007EF2AF /* LFO.cpp in Sources */ = {isa = PBXBuildFile; fileRef = 92DD0C021A468F2500B18028 /* LFO.cpp */; };
		92A723D51A67767B007EF2AF /* CAVectorUnit.cpp in Sources */ = {isa = PBXBuildFile; fileRef = 92717BCD1A19A7DC00B87C38 /* CAVectorUnit.cpp */; };
		92A723D61A67767B007EF2AF /* CAAUMIDIMapManager.cpp in Sources */ = {isa = PBXBuildFile; fileRef = 92717BAF1A19A7DC00B87C38 /* CAAUMIDIMapManager.cpp */; };
		92A723D71A67767B007EF2AF /* CADebugPrintf.cpp in Sources */ = {isa = PBXBuildFile; fileRef = 92717BBD1A19A7DC00B87C38 /* CADebugPrintf.cpp */; };
		92A723D81A67767B007EF2AF /* AUBaseHelper.cpp in Sources */ = {isa = PBXBuildFile; fileRef = 92717BA71A19A7DC00B87C38 /* AUBaseHelper.cpp */; };
		92A723D91A67767B007EF2AF /* Decimator.cpp in Sources */ = {isa = PBXBuildFile; fileRef = 929D3C371A2A3DDC0049102A /* Decimator.cpp */; };
		92A723DA1A67767B007EF2AF /* AUMIDIBase.cpp in Sources */ = {isa = PBXBuildFile; fileRef = 92717BA11A19A7DC00B87C38 /* AUMIDIBase.cpp */; };
		92A723DC1A67767B007EF2AF /* CoreMIDI.framework in Frameworks */ = {isa = PBXBuildFile; fileRef = 92717B6C1A19A7DC00B87C38 /* CoreMIDI.framework */; };
		92A723DD1A67767B007EF2AF /* AudioUnit.framework in Frameworks */ = {isa = PBXBuildFile; fileRef = 92717B721A19A7DC00B87C38 /* AudioUnit.framework */; };
		92A723DE1A67767B007EF2AF /* CoreServices.framework in Frameworks */ = {isa = PBXBuildFile; fileRef = 92717B701A19A7DC00B87C38 /* CoreServices.framework */; };
		92A723DF1A67767B007EF2AF /* AudioToolbox.framework in Frameworks */ = {isa = PBXBuildFile; fileRef = 92717B6E1A19A7DC00B87C38 /* AudioToolbox.framework */; };
		92A723E11A67767B007EF2AF /* MVS 4_Prefix.pch in Resources */ = {isa = PBXBuildFile; fileRef = 92717BD91A19A7DC00B87C38 /* MVS 4_Prefix.pch */; };
		92AC4F551A2F6F3500C9DB82 /* NoiseSource.cpp in Sources */ = {isa = PBXBuildFile; fileRef = 92AC4F531A2F6F3500C9DB82 /* NoiseSource.cpp */; };
		92D8C57E1A63D29100AFF1D2 /* AppDelegate.m in Sources */ = {isa = PBXBuildFile; fileRef = 92D8C57D1A63D29100AFF1D2 /* AppDelegate.m */; };
		92D8C5801A63D29100AFF1D2 /* main.m in Sources */ = {isa = PBXBuildFile; fileRef = 92D8C57F1A63D29100AFF1D2 /* main.m */; };
		92D8C5821A63D29100AFF1D2 /* Images.xcassets in Resources */ = {isa = PBXBuildFile; fileRef = 92D8C5811A63D29100AFF1D2 /* Images.xcassets */; };
		92D8C5851A63D29100AFF1D2 /* MainMenu.xib in Resources */ = {isa = PBXBuildFile; fileRef = 92D8C5831A63D29100AFF1D2 /* MainMenu.xib */; };
		92D8C5911A63D29100AFF1D2 /* UI_MockupTests.m in Sources */ = {isa = PBXBuildFile; fileRef = 92D8C5901A63D29100AFF1D2 /* UI_MockupTests.m */; };
		92DD0C041A468F2500B18028 /* LFO.cpp in Sources */ = {isa = PBXBuildFile; fileRef = 92DD0C021A468F2500B18028 /* LFO.cpp */; };
		92DD0C071A4691CC00B18028 /* Random.cpp in Sources */ = {isa = PBXBuildFile; fileRef = 92DD0C051A4691CC00B18028 /* Random.cpp */; };
		92E00EE41A552CE300241D82 /* Amplifier.cpp in Sources */ = {isa = PBXBuildFile; fileRef = 92E00EE21A552CE300241D82 /* Amplifier.cpp */; };
		92E00EE51A552CE300241D82 /* Amplifier.cpp in Sources */ = {isa = PBXBuildFile; fileRef = 92E00EE21A552CE300241D82 /* Amplifier.cpp */; };
		92E00EE81A56167400241D82 /* Filter.cpp in Sources */ = {isa = PBXBuildFile; fileRef = 92E00EE61A56167400241D82 /* Filter.cpp */; };
		92E00EE91A56167400241D82 /* Filter.cpp in Sources */ = {isa = PBXBuildFile; fileRef = 92E00EE61A56167400241D82 /* Filter.cpp */; };
/* End PBXBuildFile section */

/* Begin PBXContainerItemProxy section */
		92D8C58B1A63D29100AFF1D2 /* PBXContainerItemProxy */ = {
			isa = PBXContainerItemProxy;
			containerPortal = 92717B5E1A19A7DC00B87C38 /* Project object */;
			proxyType = 1;
			remoteGlobalIDString = 92D8C5771A63D29100AFF1D2;
			remoteInfo = "UI Mockup";
		};
/* End PBXContainerItemProxy section */

/* Begin PBXCopyFilesBuildPhase section */
		92717BE81A1B211600B87C38 /* CopyFiles */ = {
			isa = PBXCopyFilesBuildPhase;
			buildActionMask = 2147483647;
			dstPath = /usr/share/man/man1/;
			dstSubfolderSpec = 0;
			files = (
			);
			runOnlyForDeploymentPostprocessing = 1;
		};
/* End PBXCopyFilesBuildPhase section */

/* Begin PBXFileReference section */
		922E757C1A6772DA00E1FD3B /* MVS 4 — Logic.component */ = {isa = PBXFileReference; explicitFileType = wrapper.cfbundle; includeInIndex = 0; path = "MVS 4 — Logic.component"; sourceTree = BUILT_PRODUCTS_DIR; };
		922E757D1A6772DA00E1FD3B /* MVS 4 - Logic-Info.plist */ = {isa = PBXFileReference; lastKnownFileType = text.plist.xml; name = "MVS 4 - Logic-Info.plist"; path = "/Users/kbob/Documents/Code/Audio/MVS 4/MVS 4 - Logic-Info.plist"; sourceTree = "<absolute>"; };
		923D02031A4BCAC30095A7DC /* Mixer.cpp */ = {isa = PBXFileReference; fileEncoding = 4; lastKnownFileType = sourcecode.cpp.cpp; path = Mixer.cpp; sourceTree = "<group>"; };
		923D02041A4BCAC30095A7DC /* Mixer.h */ = {isa = PBXFileReference; fileEncoding = 4; lastKnownFileType = sourcecode.c.h; path = Mixer.h; sourceTree = "<group>"; };
		926C8C091A4118050082B95A /* ParamSet.cpp */ = {isa = PBXFileReference; fileEncoding = 4; lastKnownFileType = sourcecode.cpp.cpp; path = ParamSet.cpp; sourceTree = "<group>"; };
		926C8C0A1A4118050082B95A /* ParamSet.h */ = {isa = PBXFileReference; fileEncoding = 4; lastKnownFileType = sourcecode.c.h; path = ParamSet.h; sourceTree = "<group>"; };
		92717B691A19A7DC00B87C38 /* MVS 4.component */ = {isa = PBXFileReference; explicitFileType = wrapper.cfbundle; includeInIndex = 0; path = "MVS 4.component"; sourceTree = BUILT_PRODUCTS_DIR; };
		92717B6C1A19A7DC00B87C38 /* CoreMIDI.framework */ = {isa = PBXFileReference; lastKnownFileType = wrapper.framework; name = CoreMIDI.framework; path = System/Library/Frameworks/CoreMIDI.framework; sourceTree = SDKROOT; };
		92717B6E1A19A7DC00B87C38 /* AudioToolbox.framework */ = {isa = PBXFileReference; lastKnownFileType = wrapper.framework; name = AudioToolbox.framework; path = System/Library/Frameworks/AudioToolbox.framework; sourceTree = SDKROOT; };
		92717B701A19A7DC00B87C38 /* CoreServices.framework */ = {isa = PBXFileReference; lastKnownFileType = wrapper.framework; name = CoreServices.framework; path = System/Library/Frameworks/CoreServices.framework; sourceTree = SDKROOT; };
		92717B721A19A7DC00B87C38 /* AudioUnit.framework */ = {isa = PBXFileReference; lastKnownFileType = wrapper.framework; name = AudioUnit.framework; path = System/Library/Frameworks/AudioUnit.framework; sourceTree = SDKROOT; };
		92717B761A19A7DC00B87C38 /* Info.plist */ = {isa = PBXFileReference; lastKnownFileType = text.plist.xml; path = Info.plist; sourceTree = "<group>"; };
		92717B791A19A7DC00B87C38 /* AUBase.cpp */ = {isa = PBXFileReference; lastKnownFileType = sourcecode.cpp.cpp; name = AUBase.cpp; path = AUPublic/AUBase/AUBase.cpp; sourceTree = "<group>"; };
		92717B7B1A19A7DC00B87C38 /* AUBase.h */ = {isa = PBXFileReference; lastKnownFileType = sourcecode.c.h; name = AUBase.h; path = AUPublic/AUBase/AUBase.h; sourceTree = "<group>"; };
		92717B7C1A19A7DC00B87C38 /* AUDispatch.h */ = {isa = PBXFileReference; lastKnownFileType = sourcecode.c.h; name = AUDispatch.h; path = AUPublic/AUBase/AUDispatch.h; sourceTree = "<group>"; };
		92717B7D1A19A7DC00B87C38 /* AUInputElement.cpp */ = {isa = PBXFileReference; lastKnownFileType = sourcecode.cpp.cpp; name = AUInputElement.cpp; path = AUPublic/AUBase/AUInputElement.cpp; sourceTree = "<group>"; };
		92717B7F1A19A7DC00B87C38 /* AUInputElement.h */ = {isa = PBXFileReference; lastKnownFileType = sourcecode.c.h; name = AUInputElement.h; path = AUPublic/AUBase/AUInputElement.h; sourceTree = "<group>"; };
		92717B801A19A7DC00B87C38 /* AUOutputElement.cpp */ = {isa = PBXFileReference; lastKnownFileType = sourcecode.cpp.cpp; name = AUOutputElement.cpp; path = AUPublic/AUBase/AUOutputElement.cpp; sourceTree = "<group>"; };
		92717B821A19A7DC00B87C38 /* AUOutputElement.h */ = {isa = PBXFileReference; lastKnownFileType = sourcecode.c.h; name = AUOutputElement.h; path = AUPublic/AUBase/AUOutputElement.h; sourceTree = "<group>"; };
		92717B831A19A7DC00B87C38 /* AUPluginDispatch.cpp */ = {isa = PBXFileReference; lastKnownFileType = sourcecode.cpp.cpp; name = AUPluginDispatch.cpp; path = AUPublic/AUBase/AUPluginDispatch.cpp; sourceTree = "<group>"; };
		92717B851A19A7DC00B87C38 /* AUPluginDispatch.h */ = {isa = PBXFileReference; lastKnownFileType = sourcecode.c.h; name = AUPluginDispatch.h; path = AUPublic/AUBase/AUPluginDispatch.h; sourceTree = "<group>"; };
		92717B861A19A7DC00B87C38 /* AUScopeElement.cpp */ = {isa = PBXFileReference; lastKnownFileType = sourcecode.cpp.cpp; name = AUScopeElement.cpp; path = AUPublic/AUBase/AUScopeElement.cpp; sourceTree = "<group>"; };
		92717B881A19A7DC00B87C38 /* AUScopeElement.h */ = {isa = PBXFileReference; lastKnownFileType = sourcecode.c.h; name = AUScopeElement.h; path = AUPublic/AUBase/AUScopeElement.h; sourceTree = "<group>"; };
		92717B891A19A7DC00B87C38 /* ComponentBase.cpp */ = {isa = PBXFileReference; lastKnownFileType = sourcecode.cpp.cpp; name = ComponentBase.cpp; path = AUPublic/AUBase/ComponentBase.cpp; sourceTree = "<group>"; };
		92717B8B1A19A7DC00B87C38 /* ComponentBase.h */ = {isa = PBXFileReference; lastKnownFileType = sourcecode.c.h; name = ComponentBase.h; path = AUPublic/AUBase/ComponentBase.h; sourceTree = "<group>"; };
		92717B8D1A19A7DC00B87C38 /* AUBuffer.cpp */ = {isa = PBXFileReference; lastKnownFileType = sourcecode.cpp.cpp; name = AUBuffer.cpp; path = AUPublic/Utility/AUBuffer.cpp; sourceTree = "<group>"; };
		92717B8F1A19A7DC00B87C38 /* AUBuffer.h */ = {isa = PBXFileReference; lastKnownFileType = sourcecode.c.h; name = AUBuffer.h; path = AUPublic/Utility/AUBuffer.h; sourceTree = "<group>"; };
		92717B911A19A7DC00B87C38 /* AUInstrumentBase.cpp */ = {isa = PBXFileReference; lastKnownFileType = sourcecode.cpp.cpp; name = AUInstrumentBase.cpp; path = AUPublic/AUInstrumentBase/AUInstrumentBase.cpp; sourceTree = "<group>"; };
		92717B931A19A7DC00B87C38 /* AUInstrumentBase.h */ = {isa = PBXFileReference; lastKnownFileType = sourcecode.c.h; name = AUInstrumentBase.h; path = AUPublic/AUInstrumentBase/AUInstrumentBase.h; sourceTree = "<group>"; };
		92717B941A19A7DC00B87C38 /* LockFreeFIFO.h */ = {isa = PBXFileReference; lastKnownFileType = sourcecode.c.h; name = LockFreeFIFO.h; path = AUPublic/AUInstrumentBase/LockFreeFIFO.h; sourceTree = "<group>"; };
		92717B951A19A7DC00B87C38 /* MIDIControlHandler.h */ = {isa = PBXFileReference; lastKnownFileType = sourcecode.c.h; name = MIDIControlHandler.h; path = AUPublic/AUInstrumentBase/MIDIControlHandler.h; sourceTree = "<group>"; };
		92717B961A19A7DC00B87C38 /* SynthElement.cpp */ = {isa = PBXFileReference; lastKnownFileType = sourcecode.cpp.cpp; name = SynthElement.cpp; path = AUPublic/AUInstrumentBase/SynthElement.cpp; sourceTree = "<group>"; };
		92717B981A19A7DC00B87C38 /* SynthElement.h */ = {isa = PBXFileReference; lastKnownFileType = sourcecode.c.h; name = SynthElement.h; path = AUPublic/AUInstrumentBase/SynthElement.h; sourceTree = "<group>"; };
		92717B991A19A7DC00B87C38 /* SynthEvent.h */ = {isa = PBXFileReference; lastKnownFileType = sourcecode.c.h; name = SynthEvent.h; path = AUPublic/AUInstrumentBase/SynthEvent.h; sourceTree = "<group>"; };
		92717B9A1A19A7DC00B87C38 /* SynthNote.cpp */ = {isa = PBXFileReference; lastKnownFileType = sourcecode.cpp.cpp; name = SynthNote.cpp; path = AUPublic/AUInstrumentBase/SynthNote.cpp; sourceTree = "<group>"; };
		92717B9C1A19A7DC00B87C38 /* SynthNote.h */ = {isa = PBXFileReference; lastKnownFileType = sourcecode.c.h; name = SynthNote.h; path = AUPublic/AUInstrumentBase/SynthNote.h; sourceTree = "<group>"; };
		92717B9D1A19A7DC00B87C38 /* SynthNoteList.cpp */ = {isa = PBXFileReference; lastKnownFileType = sourcecode.cpp.cpp; name = SynthNoteList.cpp; path = AUPublic/AUInstrumentBase/SynthNoteList.cpp; sourceTree = "<group>"; };
		92717B9F1A19A7DC00B87C38 /* SynthNoteList.h */ = {isa = PBXFileReference; lastKnownFileType = sourcecode.c.h; name = SynthNoteList.h; path = AUPublic/AUInstrumentBase/SynthNoteList.h; sourceTree = "<group>"; };
		92717BA11A19A7DC00B87C38 /* AUMIDIBase.cpp */ = {isa = PBXFileReference; lastKnownFileType = sourcecode.cpp.cpp; name = AUMIDIBase.cpp; path = AUPublic/OtherBases/AUMIDIBase.cpp; sourceTree = "<group>"; };
		92717BA31A19A7DC00B87C38 /* AUMIDIBase.h */ = {isa = PBXFileReference; lastKnownFileType = sourcecode.c.h; name = AUMIDIBase.h; path = AUPublic/OtherBases/AUMIDIBase.h; sourceTree = "<group>"; };
		92717BA41A19A7DC00B87C38 /* MusicDeviceBase.cpp */ = {isa = PBXFileReference; lastKnownFileType = sourcecode.cpp.cpp; name = MusicDeviceBase.cpp; path = AUPublic/OtherBases/MusicDeviceBase.cpp; sourceTree = "<group>"; };
		92717BA61A19A7DC00B87C38 /* MusicDeviceBase.h */ = {isa = PBXFileReference; lastKnownFileType = sourcecode.c.h; name = MusicDeviceBase.h; path = AUPublic/OtherBases/MusicDeviceBase.h; sourceTree = "<group>"; };
		92717BA71A19A7DC00B87C38 /* AUBaseHelper.cpp */ = {isa = PBXFileReference; lastKnownFileType = sourcecode.cpp.cpp; name = AUBaseHelper.cpp; path = AUPublic/Utility/AUBaseHelper.cpp; sourceTree = "<group>"; };
		92717BA91A19A7DC00B87C38 /* AUBaseHelper.h */ = {isa = PBXFileReference; lastKnownFileType = sourcecode.c.h; name = AUBaseHelper.h; path = AUPublic/Utility/AUBaseHelper.h; sourceTree = "<group>"; };
		92717BAA1A19A7DC00B87C38 /* AUMIDIDefs.h */ = {isa = PBXFileReference; lastKnownFileType = sourcecode.c.h; name = AUMIDIDefs.h; path = AUPublic/Utility/AUMIDIDefs.h; sourceTree = "<group>"; };
		92717BAC1A19A7DC00B87C38 /* CAAUMIDIMap.cpp */ = {isa = PBXFileReference; lastKnownFileType = sourcecode.cpp.cpp; name = CAAUMIDIMap.cpp; path = PublicUtility/CAAUMIDIMap.cpp; sourceTree = "<group>"; };
		92717BAE1A19A7DC00B87C38 /* CAAUMIDIMap.h */ = {isa = PBXFileReference; lastKnownFileType = sourcecode.c.h; name = CAAUMIDIMap.h; path = PublicUtility/CAAUMIDIMap.h; sourceTree = "<group>"; };
		92717BAF1A19A7DC00B87C38 /* CAAUMIDIMapManager.cpp */ = {isa = PBXFileReference; lastKnownFileType = sourcecode.cpp.cpp; name = CAAUMIDIMapManager.cpp; path = PublicUtility/CAAUMIDIMapManager.cpp; sourceTree = "<group>"; };
		92717BB11A19A7DC00B87C38 /* CAAUMIDIMapManager.h */ = {isa = PBXFileReference; lastKnownFileType = sourcecode.c.h; name = CAAUMIDIMapManager.h; path = PublicUtility/CAAUMIDIMapManager.h; sourceTree = "<group>"; };
		92717BB21A19A7DC00B87C38 /* CAAtomic.h */ = {isa = PBXFileReference; lastKnownFileType = sourcecode.c.h; name = CAAtomic.h; path = PublicUtility/CAAtomic.h; sourceTree = "<group>"; };
		92717BB31A19A7DC00B87C38 /* CAAtomicStack.h */ = {isa = PBXFileReference; lastKnownFileType = sourcecode.c.h; name = CAAtomicStack.h; path = PublicUtility/CAAtomicStack.h; sourceTree = "<group>"; };
		92717BB41A19A7DC00B87C38 /* CAByteOrder.h */ = {isa = PBXFileReference; lastKnownFileType = sourcecode.c.h; name = CAByteOrder.h; path = PublicUtility/CAByteOrder.h; sourceTree = "<group>"; };
		92717BB51A19A7DC00B87C38 /* CAAudioChannelLayout.cpp */ = {isa = PBXFileReference; lastKnownFileType = sourcecode.cpp.cpp; name = CAAudioChannelLayout.cpp; path = PublicUtility/CAAudioChannelLayout.cpp; sourceTree = "<group>"; };
		92717BB71A19A7DC00B87C38 /* CAAudioChannelLayout.h */ = {isa = PBXFileReference; lastKnownFileType = sourcecode.c.h; name = CAAudioChannelLayout.h; path = PublicUtility/CAAudioChannelLayout.h; sourceTree = "<group>"; };
		92717BB81A19A7DC00B87C38 /* CAAutoDisposer.h */ = {isa = PBXFileReference; lastKnownFileType = sourcecode.c.h; name = CAAutoDisposer.h; path = PublicUtility/CAAutoDisposer.h; sourceTree = "<group>"; };
		92717BB91A19A7DC00B87C38 /* CABufferList.cpp */ = {isa = PBXFileReference; lastKnownFileType = sourcecode.cpp.cpp; name = CABufferList.cpp; path = PublicUtility/CABufferList.cpp; sourceTree = "<group>"; };
		92717BBB1A19A7DC00B87C38 /* CABufferList.h */ = {isa = PBXFileReference; lastKnownFileType = sourcecode.c.h; name = CABufferList.h; path = PublicUtility/CABufferList.h; sourceTree = "<group>"; };
		92717BBC1A19A7DC00B87C38 /* CADebugMacros.h */ = {isa = PBXFileReference; lastKnownFileType = sourcecode.c.h; name = CADebugMacros.h; path = PublicUtility/CADebugMacros.h; sourceTree = "<group>"; };
		92717BBD1A19A7DC00B87C38 /* CADebugPrintf.cpp */ = {isa = PBXFileReference; lastKnownFileType = sourcecode.cpp.cpp; name = CADebugPrintf.cpp; path = PublicUtility/CADebugPrintf.cpp; sourceTree = "<group>"; };
		92717BBF1A19A7DC00B87C38 /* CADebugPrintf.h */ = {isa = PBXFileReference; lastKnownFileType = sourcecode.c.h; name = CADebugPrintf.h; path = PublicUtility/CADebugPrintf.h; sourceTree = "<group>"; };
		92717BC01A19A7DC00B87C38 /* CAException.h */ = {isa = PBXFileReference; lastKnownFileType = sourcecode.c.h; name = CAException.h; path = PublicUtility/CAException.h; sourceTree = "<group>"; };
		92717BC11A19A7DC00B87C38 /* CAHostTimeBase.cpp */ = {isa = PBXFileReference; lastKnownFileType = sourcecode.cpp.cpp; name = CAHostTimeBase.cpp; path = PublicUtility/CAHostTimeBase.cpp; sourceTree = "<group>"; };
		92717BC31A19A7DC00B87C38 /* CAHostTimeBase.h */ = {isa = PBXFileReference; lastKnownFileType = sourcecode.c.h; name = CAHostTimeBase.h; path = PublicUtility/CAHostTimeBase.h; sourceTree = "<group>"; };
		92717BC41A19A7DC00B87C38 /* CAMath.h */ = {isa = PBXFileReference; lastKnownFileType = sourcecode.c.h; name = CAMath.h; path = PublicUtility/CAMath.h; sourceTree = "<group>"; };
		92717BC51A19A7DC00B87C38 /* CAMutex.cpp */ = {isa = PBXFileReference; lastKnownFileType = sourcecode.cpp.cpp; name = CAMutex.cpp; path = PublicUtility/CAMutex.cpp; sourceTree = "<group>"; };
		92717BC71A19A7DC00B87C38 /* CAMutex.h */ = {isa = PBXFileReference; lastKnownFileType = sourcecode.c.h; name = CAMutex.h; path = PublicUtility/CAMutex.h; sourceTree = "<group>"; };
		92717BC81A19A7DC00B87C38 /* CAReferenceCounted.h */ = {isa = PBXFileReference; lastKnownFileType = sourcecode.c.h; name = CAReferenceCounted.h; path = PublicUtility/CAReferenceCounted.h; sourceTree = "<group>"; };
		92717BC91A19A7DC00B87C38 /* CAStreamBasicDescription.cpp */ = {isa = PBXFileReference; lastKnownFileType = sourcecode.cpp.cpp; name = CAStreamBasicDescription.cpp; path = PublicUtility/CAStreamBasicDescription.cpp; sourceTree = "<group>"; };
		92717BCB1A19A7DC00B87C38 /* CAStreamBasicDescription.h */ = {isa = PBXFileReference; lastKnownFileType = sourcecode.c.h; name = CAStreamBasicDescription.h; path = PublicUtility/CAStreamBasicDescription.h; sourceTree = "<group>"; };
		92717BCC1A19A7DC00B87C38 /* CAThreadSafeList.h */ = {isa = PBXFileReference; lastKnownFileType = sourcecode.c.h; name = CAThreadSafeList.h; path = PublicUtility/CAThreadSafeList.h; sourceTree = "<group>"; };
		92717BCD1A19A7DC00B87C38 /* CAVectorUnit.cpp */ = {isa = PBXFileReference; lastKnownFileType = sourcecode.cpp.cpp; name = CAVectorUnit.cpp; path = PublicUtility/CAVectorUnit.cpp; sourceTree = "<group>"; };
		92717BCF1A19A7DC00B87C38 /* CAVectorUnit.h */ = {isa = PBXFileReference; lastKnownFileType = sourcecode.c.h; name = CAVectorUnit.h; path = PublicUtility/CAVectorUnit.h; sourceTree = "<group>"; };
		92717BD01A19A7DC00B87C38 /* CAVectorUnitTypes.h */ = {isa = PBXFileReference; lastKnownFileType = sourcecode.c.h; name = CAVectorUnitTypes.h; path = PublicUtility/CAVectorUnitTypes.h; sourceTree = "<group>"; };
		92717BD11A19A7DC00B87C38 /* CAXException.cpp */ = {isa = PBXFileReference; lastKnownFileType = sourcecode.cpp.cpp; name = CAXException.cpp; path = PublicUtility/CAXException.cpp; sourceTree = "<group>"; };
		92717BD31A19A7DC00B87C38 /* CAXException.h */ = {isa = PBXFileReference; lastKnownFileType = sourcecode.c.h; name = CAXException.h; path = PublicUtility/CAXException.h; sourceTree = "<group>"; };
		92717BD51A19A7DC00B87C38 /* MVS.h */ = {isa = PBXFileReference; lastKnownFileType = sourcecode.c.h; path = MVS.h; sourceTree = "<group>"; };
		92717BD61A19A7DC00B87C38 /* MVS.cpp */ = {isa = PBXFileReference; lastKnownFileType = sourcecode.cpp.cpp; path = MVS.cpp; sourceTree = "<group>"; };
		92717BD81A19A7DC00B87C38 /* MVSVersion.h */ = {isa = PBXFileReference; lastKnownFileType = sourcecode.c.h; path = MVSVersion.h; sourceTree = "<group>"; };
		92717BD91A19A7DC00B87C38 /* MVS 4_Prefix.pch */ = {isa = PBXFileReference; lastKnownFileType = sourcecode.c.h; path = "MVS 4_Prefix.pch"; sourceTree = "<group>"; };
		92717BE01A19B5DD00B87C38 /* Envelope.cpp */ = {isa = PBXFileReference; fileEncoding = 4; lastKnownFileType = sourcecode.cpp.cpp; path = Envelope.cpp; sourceTree = "<group>"; };
		92717BE11A19B5DD00B87C38 /* Envelope.h */ = {isa = PBXFileReference; fileEncoding = 4; lastKnownFileType = sourcecode.c.h; path = Envelope.h; sourceTree = "<group>"; };
		92717BE31A1A498100B87C38 /* Oscillator.cpp */ = {isa = PBXFileReference; fileEncoding = 4; lastKnownFileType = sourcecode.cpp.cpp; path = Oscillator.cpp; sourceTree = "<group>"; };
		92717BE41A1A498100B87C38 /* Oscillator.h */ = {isa = PBXFileReference; fileEncoding = 4; lastKnownFileType = sourcecode.c.h; path = Oscillator.h; sourceTree = "<group>"; };
		92717BEA1A1B211600B87C38 /* One Note */ = {isa = PBXFileReference; explicitFileType = "compiled.mach-o.executable"; includeInIndex = 0; path = "One Note"; sourceTree = BUILT_PRODUCTS_DIR; };
		92717BEC1A1B211600B87C38 /* main.cpp */ = {isa = PBXFileReference; lastKnownFileType = sourcecode.cpp.cpp; path = main.cpp; sourceTree = "<group>"; };
		9291A6D61A45D98B00AA6E18 /* ModWheel.cpp */ = {isa = PBXFileReference; fileEncoding = 4; lastKnownFileType = sourcecode.cpp.cpp; path = ModWheel.cpp; sourceTree = "<group>"; };
		9291A6D71A45D98B00AA6E18 /* ModWheel.h */ = {isa = PBXFileReference; fileEncoding = 4; lastKnownFileType = sourcecode.c.h; path = ModWheel.h; sourceTree = "<group>"; };
		929D3C371A2A3DDC0049102A /* Decimator.cpp */ = {isa = PBXFileReference; fileEncoding = 4; lastKnownFileType = sourcecode.cpp.cpp; path = Decimator.cpp; sourceTree = "<group>"; };
		929D3C381A2A3DDC0049102A /* Decimator.h */ = {isa = PBXFileReference; fileEncoding = 4; lastKnownFileType = sourcecode.c.h; path = Decimator.h; sourceTree = "<group>"; };
		92A723E81A67767B007EF2AF /* MVS 4 - AU Lab.component */ = {isa = PBXFileReference; explicitFileType = wrapper.cfbundle; includeInIndex = 0; path = "MVS 4 - AU Lab.component"; sourceTree = BUILT_PRODUCTS_DIR; };
		92A723E91A67767B007EF2AF /* MVS 4 - AU Lab-Info.plist */ = {isa = PBXFileReference; lastKnownFileType = text.plist.xml; name = "MVS 4 - AU Lab-Info.plist"; path = "/Users/kbob/Documents/Code/Audio/MVS 4/MVS 4 - AU Lab-Info.plist"; sourceTree = "<absolute>"; };
		92AC4F531A2F6F3500C9DB82 /* NoiseSource.cpp */ = {isa = PBXFileReference; fileEncoding = 4; lastKnownFileType = sourcecode.cpp.cpp; path = NoiseSource.cpp; sourceTree = "<group>"; };
		92AC4F541A2F6F3500C9DB82 /* NoiseSource.h */ = {isa = PBXFileReference; fileEncoding = 4; lastKnownFileType = sourcecode.c.h; path = NoiseSource.h; sourceTree = "<group>"; };
		92D8C5781A63D29100AFF1D2 /* UI Mockup.app */ = {isa = PBXFileReference; explicitFileType = wrapper.application; includeInIndex = 0; path = "UI Mockup.app"; sourceTree = BUILT_PRODUCTS_DIR; };
		92D8C57B1A63D29100AFF1D2 /* Info.plist */ = {isa = PBXFileReference; lastKnownFileType = text.plist.xml; path = Info.plist; sourceTree = "<group>"; };
		92D8C57C1A63D29100AFF1D2 /* AppDelegate.h */ = {isa = PBXFileReference; lastKnownFileType = sourcecode.c.h; path = AppDelegate.h; sourceTree = "<group>"; };
		92D8C57D1A63D29100AFF1D2 /* AppDelegate.m */ = {isa = PBXFileReference; lastKnownFileType = sourcecode.c.objc; path = AppDelegate.m; sourceTree = "<group>"; };
		92D8C57F1A63D29100AFF1D2 /* main.m */ = {isa = PBXFileReference; lastKnownFileType = sourcecode.c.objc; path = main.m; sourceTree = "<group>"; };
		92D8C5811A63D29100AFF1D2 /* Images.xcassets */ = {isa = PBXFileReference; lastKnownFileType = folder.assetcatalog; path = Images.xcassets; sourceTree = "<group>"; };
		92D8C5841A63D29100AFF1D2 /* Base */ = {isa = PBXFileReference; lastKnownFileType = file.xib; name = Base; path = Base.lproj/MainMenu.xib; sourceTree = "<group>"; };
		92D8C58A1A63D29100AFF1D2 /* UI MockupTests.xctest */ = {isa = PBXFileReference; explicitFileType = wrapper.cfbundle; includeInIndex = 0; path = "UI MockupTests.xctest"; sourceTree = BUILT_PRODUCTS_DIR; };
		92D8C58F1A63D29100AFF1D2 /* Info.plist */ = {isa = PBXFileReference; lastKnownFileType = text.plist.xml; path = Info.plist; sourceTree = "<group>"; };
		92D8C5901A63D29100AFF1D2 /* UI_MockupTests.m */ = {isa = PBXFileReference; lastKnownFileType = sourcecode.c.objc; path = UI_MockupTests.m; sourceTree = "<group>"; };
		92DD0C021A468F2500B18028 /* LFO.cpp */ = {isa = PBXFileReference; fileEncoding = 4; lastKnownFileType = sourcecode.cpp.cpp; path = LFO.cpp; sourceTree = "<group>"; };
		92DD0C031A468F2500B18028 /* LFO.h */ = {isa = PBXFileReference; fileEncoding = 4; lastKnownFileType = sourcecode.c.h; path = LFO.h; sourceTree = "<group>"; };
		92DD0C051A4691CC00B18028 /* Random.cpp */ = {isa = PBXFileReference; fileEncoding = 4; lastKnownFileType = sourcecode.cpp.cpp; path = Random.cpp; sourceTree = "<group>"; };
		92DD0C061A4691CC00B18028 /* Random.h */ = {isa = PBXFileReference; fileEncoding = 4; lastKnownFileType = sourcecode.c.h; path = Random.h; sourceTree = "<group>"; };
		92DD0C091A48223E00B18028 /* ModMatrix.h */ = {isa = PBXFileReference; fileEncoding = 4; lastKnownFileType = sourcecode.c.h; path = ModMatrix.h; sourceTree = "<group>"; };
		92E00EE21A552CE300241D82 /* Amplifier.cpp */ = {isa = PBXFileReference; fileEncoding = 4; lastKnownFileType = sourcecode.cpp.cpp; path = Amplifier.cpp; sourceTree = "<group>"; };
		92E00EE31A552CE300241D82 /* Amplifier.h */ = {isa = PBXFileReference; fileEncoding = 4; lastKnownFileType = sourcecode.c.h; path = Amplifier.h; sourceTree = "<group>"; };
		92E00EE61A56167400241D82 /* Filter.cpp */ = {isa = PBXFileReference; fileEncoding = 4; lastKnownFileType = sourcecode.cpp.cpp; path = Filter.cpp; sourceTree = "<group>"; };
		92E00EE71A56167400241D82 /* Filter.h */ = {isa = PBXFileReference; fileEncoding = 4; lastKnownFileType = sourcecode.c.h; path = Filter.h; sourceTree = "<group>"; };
/* End PBXFileReference section */

/* Begin PBXFrameworksBuildPhase section */
		922E756F1A6772DA00E1FD3B /* Frameworks */ = {
			isa = PBXFrameworksBuildPhase;
			buildActionMask = 2147483647;
			files = (
				922E75701A6772DA00E1FD3B /* CoreMIDI.framework in Frameworks */,
				922E75711A6772DA00E1FD3B /* AudioUnit.framework in Frameworks */,
				922E75721A6772DA00E1FD3B /* CoreServices.framework in Frameworks */,
				922E75731A6772DA00E1FD3B /* AudioToolbox.framework in Frameworks */,
			);
			runOnlyForDeploymentPostprocessing = 0;
		};
		922E75771A6772DA00E1FD3B /* Frameworks */ = {
			isa = PBXFrameworksBuildPhase;
			buildActionMask = 2147483647;
			files = (
			);
			runOnlyForDeploymentPostprocessing = 0;
		};
		92717B631A19A7DC00B87C38 /* Frameworks */ = {
			isa = PBXFrameworksBuildPhase;
			buildActionMask = 2147483647;
			files = (
				92717B6D1A19A7DC00B87C38 /* CoreMIDI.framework in Frameworks */,
				92717B731A19A7DC00B87C38 /* AudioUnit.framework in Frameworks */,
				92717B711A19A7DC00B87C38 /* CoreServices.framework in Frameworks */,
				92717B6F1A19A7DC00B87C38 /* AudioToolbox.framework in Frameworks */,
			);
			runOnlyForDeploymentPostprocessing = 0;
		};
		92717B661A19A7DC00B87C38 /* Frameworks */ = {
			isa = PBXFrameworksBuildPhase;
			buildActionMask = 2147483647;
			files = (
			);
			runOnlyForDeploymentPostprocessing = 0;
		};
		92717BE71A1B211600B87C38 /* Frameworks */ = {
			isa = PBXFrameworksBuildPhase;
			buildActionMask = 2147483647;
			files = (
			);
			runOnlyForDeploymentPostprocessing = 0;
		};
		92A723DB1A67767B007EF2AF /* Frameworks */ = {
			isa = PBXFrameworksBuildPhase;
			buildActionMask = 2147483647;
			files = (
				92A723DC1A67767B007EF2AF /* CoreMIDI.framework in Frameworks */,
				92A723DD1A67767B007EF2AF /* AudioUnit.framework in Frameworks */,
				92A723DE1A67767B007EF2AF /* CoreServices.framework in Frameworks */,
				92A723DF1A67767B007EF2AF /* AudioToolbox.framework in Frameworks */,
			);
			runOnlyForDeploymentPostprocessing = 0;
		};
		92A723E31A67767B007EF2AF /* Frameworks */ = {
			isa = PBXFrameworksBuildPhase;
			buildActionMask = 2147483647;
			files = (
			);
			runOnlyForDeploymentPostprocessing = 0;
		};
		92D8C5751A63D29100AFF1D2 /* Frameworks */ = {
			isa = PBXFrameworksBuildPhase;
			buildActionMask = 2147483647;
			files = (
			);
			runOnlyForDeploymentPostprocessing = 0;
		};
		92D8C5871A63D29100AFF1D2 /* Frameworks */ = {
			isa = PBXFrameworksBuildPhase;
			buildActionMask = 2147483647;
			files = (
			);
			runOnlyForDeploymentPostprocessing = 0;
		};
/* End PBXFrameworksBuildPhase section */

/* Begin PBXGroup section */
		92717B5D1A19A7DC00B87C38 = {
			isa = PBXGroup;
			children = (
				92717B741A19A7DC00B87C38 /* MVS 4 */,
				92717BEB1A1B211600B87C38 /* One Note */,
				92D8C5791A63D29100AFF1D2 /* UI Mockup */,
				92D8C58D1A63D29100AFF1D2 /* UI MockupTests */,
				92717B6B1A19A7DC00B87C38 /* Frameworks */,
				92717B6A1A19A7DC00B87C38 /* Products */,
				922E757D1A6772DA00E1FD3B /* MVS 4 - Logic-Info.plist */,
				92A723E91A67767B007EF2AF /* MVS 4 - AU Lab-Info.plist */,
			);
			sourceTree = "<group>";
		};
		92717B6A1A19A7DC00B87C38 /* Products */ = {
			isa = PBXGroup;
			children = (
				92717B691A19A7DC00B87C38 /* MVS 4.component */,
				92717BEA1A1B211600B87C38 /* One Note */,
				92D8C5781A63D29100AFF1D2 /* UI Mockup.app */,
				92D8C58A1A63D29100AFF1D2 /* UI MockupTests.xctest */,
				922E757C1A6772DA00E1FD3B /* MVS 4 — Logic.component */,
				92A723E81A67767B007EF2AF /* MVS 4 - AU Lab.component */,
			);
			name = Products;
			sourceTree = "<group>";
		};
		92717B6B1A19A7DC00B87C38 /* Frameworks */ = {
			isa = PBXGroup;
			children = (
				92717B6C1A19A7DC00B87C38 /* CoreMIDI.framework */,
				92717B6E1A19A7DC00B87C38 /* AudioToolbox.framework */,
				92717B701A19A7DC00B87C38 /* CoreServices.framework */,
				92717B721A19A7DC00B87C38 /* AudioUnit.framework */,
			);
			name = Frameworks;
			sourceTree = "<group>";
		};
		92717B741A19A7DC00B87C38 /* MVS 4 */ = {
			isa = PBXGroup;
			children = (
				92717BD41A19A7DC00B87C38 /* AU Source */,
				92717BD91A19A7DC00B87C38 /* MVS 4_Prefix.pch */,
				92717B771A19A7DC00B87C38 /* AUPublic */,
				92717BAB1A19A7DC00B87C38 /* PublicUtility */,
				92717B751A19A7DC00B87C38 /* Supporting Files */,
			);
			path = "MVS 4";
			sourceTree = "<group>";
		};
		92717B751A19A7DC00B87C38 /* Supporting Files */ = {
			isa = PBXGroup;
			children = (
				92717B761A19A7DC00B87C38 /* Info.plist */,
			);
			name = "Supporting Files";
			sourceTree = "<group>";
		};
		92717B771A19A7DC00B87C38 /* AUPublic */ = {
			isa = PBXGroup;
			children = (
				92717B781A19A7DC00B87C38 /* AUBase */,
				92717B901A19A7DC00B87C38 /* AUInstrumentBase */,
				92717BA01A19A7DC00B87C38 /* OtherBases */,
				92717B8C1A19A7DC00B87C38 /* Utility */,
			);
			name = AUPublic;
			sourceTree = "<group>";
		};
		92717B781A19A7DC00B87C38 /* AUBase */ = {
			isa = PBXGroup;
			children = (
				92717B791A19A7DC00B87C38 /* AUBase.cpp */,
				92717B7B1A19A7DC00B87C38 /* AUBase.h */,
				92717B7C1A19A7DC00B87C38 /* AUDispatch.h */,
				92717B7D1A19A7DC00B87C38 /* AUInputElement.cpp */,
				92717B7F1A19A7DC00B87C38 /* AUInputElement.h */,
				92717B801A19A7DC00B87C38 /* AUOutputElement.cpp */,
				92717B821A19A7DC00B87C38 /* AUOutputElement.h */,
				92717B831A19A7DC00B87C38 /* AUPluginDispatch.cpp */,
				92717B851A19A7DC00B87C38 /* AUPluginDispatch.h */,
				92717B861A19A7DC00B87C38 /* AUScopeElement.cpp */,
				92717B881A19A7DC00B87C38 /* AUScopeElement.h */,
				92717B891A19A7DC00B87C38 /* ComponentBase.cpp */,
				92717B8B1A19A7DC00B87C38 /* ComponentBase.h */,
			);
			name = AUBase;
			sourceTree = "<group>";
		};
		92717B8C1A19A7DC00B87C38 /* Utility */ = {
			isa = PBXGroup;
			children = (
				92717B8D1A19A7DC00B87C38 /* AUBuffer.cpp */,
				92717B8F1A19A7DC00B87C38 /* AUBuffer.h */,
				92717BA71A19A7DC00B87C38 /* AUBaseHelper.cpp */,
				92717BA91A19A7DC00B87C38 /* AUBaseHelper.h */,
				92717BAA1A19A7DC00B87C38 /* AUMIDIDefs.h */,
			);
			name = Utility;
			sourceTree = "<group>";
		};
		92717B901A19A7DC00B87C38 /* AUInstrumentBase */ = {
			isa = PBXGroup;
			children = (
				92717B911A19A7DC00B87C38 /* AUInstrumentBase.cpp */,
				92717B931A19A7DC00B87C38 /* AUInstrumentBase.h */,
				92717B941A19A7DC00B87C38 /* LockFreeFIFO.h */,
				92717B951A19A7DC00B87C38 /* MIDIControlHandler.h */,
				92717B961A19A7DC00B87C38 /* SynthElement.cpp */,
				92717B981A19A7DC00B87C38 /* SynthElement.h */,
				92717B991A19A7DC00B87C38 /* SynthEvent.h */,
				92717B9A1A19A7DC00B87C38 /* SynthNote.cpp */,
				92717B9C1A19A7DC00B87C38 /* SynthNote.h */,
				92717B9D1A19A7DC00B87C38 /* SynthNoteList.cpp */,
				92717B9F1A19A7DC00B87C38 /* SynthNoteList.h */,
			);
			name = AUInstrumentBase;
			sourceTree = "<group>";
		};
		92717BA01A19A7DC00B87C38 /* OtherBases */ = {
			isa = PBXGroup;
			children = (
				92717BA11A19A7DC00B87C38 /* AUMIDIBase.cpp */,
				92717BA31A19A7DC00B87C38 /* AUMIDIBase.h */,
				92717BA41A19A7DC00B87C38 /* MusicDeviceBase.cpp */,
				92717BA61A19A7DC00B87C38 /* MusicDeviceBase.h */,
			);
			name = OtherBases;
			sourceTree = "<group>";
		};
		92717BAB1A19A7DC00B87C38 /* PublicUtility */ = {
			isa = PBXGroup;
			children = (
				92717BAC1A19A7DC00B87C38 /* CAAUMIDIMap.cpp */,
				92717BAE1A19A7DC00B87C38 /* CAAUMIDIMap.h */,
				92717BAF1A19A7DC00B87C38 /* CAAUMIDIMapManager.cpp */,
				92717BB11A19A7DC00B87C38 /* CAAUMIDIMapManager.h */,
				92717BB21A19A7DC00B87C38 /* CAAtomic.h */,
				92717BB31A19A7DC00B87C38 /* CAAtomicStack.h */,
				92717BB41A19A7DC00B87C38 /* CAByteOrder.h */,
				92717BB51A19A7DC00B87C38 /* CAAudioChannelLayout.cpp */,
				92717BB71A19A7DC00B87C38 /* CAAudioChannelLayout.h */,
				92717BB81A19A7DC00B87C38 /* CAAutoDisposer.h */,
				92717BB91A19A7DC00B87C38 /* CABufferList.cpp */,
				92717BBB1A19A7DC00B87C38 /* CABufferList.h */,
				92717BBC1A19A7DC00B87C38 /* CADebugMacros.h */,
				92717BBD1A19A7DC00B87C38 /* CADebugPrintf.cpp */,
				92717BBF1A19A7DC00B87C38 /* CADebugPrintf.h */,
				92717BC01A19A7DC00B87C38 /* CAException.h */,
				92717BC11A19A7DC00B87C38 /* CAHostTimeBase.cpp */,
				92717BC31A19A7DC00B87C38 /* CAHostTimeBase.h */,
				92717BC41A19A7DC00B87C38 /* CAMath.h */,
				92717BC51A19A7DC00B87C38 /* CAMutex.cpp */,
				92717BC71A19A7DC00B87C38 /* CAMutex.h */,
				92717BC81A19A7DC00B87C38 /* CAReferenceCounted.h */,
				92717BC91A19A7DC00B87C38 /* CAStreamBasicDescription.cpp */,
				92717BCB1A19A7DC00B87C38 /* CAStreamBasicDescription.h */,
				92717BCC1A19A7DC00B87C38 /* CAThreadSafeList.h */,
				92717BCD1A19A7DC00B87C38 /* CAVectorUnit.cpp */,
				92717BCF1A19A7DC00B87C38 /* CAVectorUnit.h */,
				92717BD01A19A7DC00B87C38 /* CAVectorUnitTypes.h */,
				92717BD11A19A7DC00B87C38 /* CAXException.cpp */,
				92717BD31A19A7DC00B87C38 /* CAXException.h */,
			);
			name = PublicUtility;
			sourceTree = "<group>";
		};
		92717BD41A19A7DC00B87C38 /* AU Source */ = {
			isa = PBXGroup;
			children = (
				92717BD51A19A7DC00B87C38 /* MVS.h */,
				92717BD61A19A7DC00B87C38 /* MVS.cpp */,
				92E00EE21A552CE300241D82 /* Amplifier.cpp */,
				92E00EE31A552CE300241D82 /* Amplifier.h */,
				929D3C371A2A3DDC0049102A /* Decimator.cpp */,
				929D3C381A2A3DDC0049102A /* Decimator.h */,
				92717BE01A19B5DD00B87C38 /* Envelope.cpp */,
				92717BE11A19B5DD00B87C38 /* Envelope.h */,
				92E00EE61A56167400241D82 /* Filter.cpp */,
				92E00EE71A56167400241D82 /* Filter.h */,
				92DD0C021A468F2500B18028 /* LFO.cpp */,
				92DD0C031A468F2500B18028 /* LFO.h */,
				923D02031A4BCAC30095A7DC /* Mixer.cpp */,
				923D02041A4BCAC30095A7DC /* Mixer.h */,
				92DD0C091A48223E00B18028 /* ModMatrix.h */,
				9291A6D61A45D98B00AA6E18 /* ModWheel.cpp */,
				9291A6D71A45D98B00AA6E18 /* ModWheel.h */,
				92AC4F531A2F6F3500C9DB82 /* NoiseSource.cpp */,
				92AC4F541A2F6F3500C9DB82 /* NoiseSource.h */,
				926C8C091A4118050082B95A /* ParamSet.cpp */,
				926C8C0A1A4118050082B95A /* ParamSet.h */,
				92717BE31A1A498100B87C38 /* Oscillator.cpp */,
				92717BE41A1A498100B87C38 /* Oscillator.h */,
				92DD0C051A4691CC00B18028 /* Random.cpp */,
				92DD0C061A4691CC00B18028 /* Random.h */,
				92717BD81A19A7DC00B87C38 /* MVSVersion.h */,
			);
			name = "AU Source";
			sourceTree = "<group>";
		};
		92717BEB1A1B211600B87C38 /* One Note */ = {
			isa = PBXGroup;
			children = (
				92717BEC1A1B211600B87C38 /* main.cpp */,
			);
			path = "One Note";
			sourceTree = "<group>";
		};
		92D8C5791A63D29100AFF1D2 /* UI Mockup */ = {
			isa = PBXGroup;
			children = (
				92D8C57C1A63D29100AFF1D2 /* AppDelegate.h */,
				92D8C57D1A63D29100AFF1D2 /* AppDelegate.m */,
				92D8C5811A63D29100AFF1D2 /* Images.xcassets */,
				92D8C5831A63D29100AFF1D2 /* MainMenu.xib */,
				92D8C57A1A63D29100AFF1D2 /* Supporting Files */,
			);
			path = "UI Mockup";
			sourceTree = "<group>";
		};
		92D8C57A1A63D29100AFF1D2 /* Supporting Files */ = {
			isa = PBXGroup;
			children = (
				92D8C57B1A63D29100AFF1D2 /* Info.plist */,
				92D8C57F1A63D29100AFF1D2 /* main.m */,
			);
			name = "Supporting Files";
			sourceTree = "<group>";
		};
		92D8C58D1A63D29100AFF1D2 /* UI MockupTests */ = {
			isa = PBXGroup;
			children = (
				92D8C5901A63D29100AFF1D2 /* UI_MockupTests.m */,
				92D8C58E1A63D29100AFF1D2 /* Supporting Files */,
			);
			path = "UI MockupTests";
			sourceTree = "<group>";
		};
		92D8C58E1A63D29100AFF1D2 /* Supporting Files */ = {
			isa = PBXGroup;
			children = (
				92D8C58F1A63D29100AFF1D2 /* Info.plist */,
			);
			name = "Supporting Files";
			sourceTree = "<group>";
		};
/* End PBXGroup section */

/* Begin PBXNativeTarget section */
		922E75491A6772DA00E1FD3B /* MVS 4 Logic */ = {
			isa = PBXNativeTarget;
			buildConfigurationList = 922E75791A6772DA00E1FD3B /* Build configuration list for PBXNativeTarget "MVS 4 Logic" */;
			buildPhases = (
				922E754A1A6772DA00E1FD3B /* Sources */,
				922E756F1A6772DA00E1FD3B /* Frameworks */,
				922E75741A6772DA00E1FD3B /* Resources */,
				922E75761A6772DA00E1FD3B /* Sources */,
				922E75771A6772DA00E1FD3B /* Frameworks */,
				922E75781A6772DA00E1FD3B /* Resources */,
			);
			buildRules = (
			);
			dependencies = (
			);
			name = "MVS 4 Logic";
			productName = MVS;
			productReference = 922E757C1A6772DA00E1FD3B /* MVS 4 — Logic.component */;
			productType = "com.apple.product-type.bundle";
		};
		92717B681A19A7DC00B87C38 /* MVS 4 */ = {
			isa = PBXNativeTarget;
			buildConfigurationList = 92717BDD1A19A7DC00B87C38 /* Build configuration list for PBXNativeTarget "MVS 4" */;
			buildPhases = (
				92717B621A19A7DC00B87C38 /* Sources */,
				92717B631A19A7DC00B87C38 /* Frameworks */,
				92717B641A19A7DC00B87C38 /* Resources */,
				92717B651A19A7DC00B87C38 /* Sources */,
				92717B661A19A7DC00B87C38 /* Frameworks */,
				92717B671A19A7DC00B87C38 /* Resources */,
			);
			buildRules = (
			);
			dependencies = (
			);
			name = "MVS 4";
			productName = MVS;
			productReference = 92717B691A19A7DC00B87C38 /* MVS 4.component */;
			productType = "com.apple.product-type.bundle";
		};
		92717BE91A1B211600B87C38 /* One Note */ = {
			isa = PBXNativeTarget;
			buildConfigurationList = 92717BEE1A1B211600B87C38 /* Build configuration list for PBXNativeTarget "One Note" */;
			buildPhases = (
				92717BE61A1B211600B87C38 /* Sources */,
				92717BE71A1B211600B87C38 /* Frameworks */,
				92717BE81A1B211600B87C38 /* CopyFiles */,
			);
			buildRules = (
			);
			dependencies = (
			);
			name = "One Note";
			productName = "One Note";
			productReference = 92717BEA1A1B211600B87C38 /* One Note */;
			productType = "com.apple.product-type.tool";
		};
		92A723B51A67767B007EF2AF /* MVS 4 AU Lab */ = {
			isa = PBXNativeTarget;
			buildConfigurationList = 92A723E51A67767B007EF2AF /* Build configuration list for PBXNativeTarget "MVS 4 AU Lab" */;
			buildPhases = (
				92A723B61A67767B007EF2AF /* Sources */,
				92A723DB1A67767B007EF2AF /* Frameworks */,
				92A723E01A67767B007EF2AF /* Resources */,
				92A723E21A67767B007EF2AF /* Sources */,
				92A723E31A67767B007EF2AF /* Frameworks */,
				92A723E41A67767B007EF2AF /* Resources */,
			);
			buildRules = (
			);
			dependencies = (
			);
			name = "MVS 4 AU Lab";
			productName = MVS;
			productReference = 92A723E81A67767B007EF2AF /* MVS 4 - AU Lab.component */;
			productType = "com.apple.product-type.bundle";
		};
		92D8C5771A63D29100AFF1D2 /* UI Mockup */ = {
			isa = PBXNativeTarget;
			buildConfigurationList = 92D8C5961A63D29100AFF1D2 /* Build configuration list for PBXNativeTarget "UI Mockup" */;
			buildPhases = (
				92D8C5741A63D29100AFF1D2 /* Sources */,
				92D8C5751A63D29100AFF1D2 /* Frameworks */,
				92D8C5761A63D29100AFF1D2 /* Resources */,
			);
			buildRules = (
			);
			dependencies = (
			);
			name = "UI Mockup";
			productName = "UI Mockup";
			productReference = 92D8C5781A63D29100AFF1D2 /* UI Mockup.app */;
			productType = "com.apple.product-type.application";
		};
		92D8C5891A63D29100AFF1D2 /* UI MockupTests */ = {
			isa = PBXNativeTarget;
			buildConfigurationList = 92D8C5971A63D29100AFF1D2 /* Build configuration list for PBXNativeTarget "UI MockupTests" */;
			buildPhases = (
				92D8C5861A63D29100AFF1D2 /* Sources */,
				92D8C5871A63D29100AFF1D2 /* Frameworks */,
				92D8C5881A63D29100AFF1D2 /* Resources */,
			);
			buildRules = (
			);
			dependencies = (
				92D8C58C1A63D29100AFF1D2 /* PBXTargetDependency */,
			);
			name = "UI MockupTests";
			productName = "UI MockupTests";
			productReference = 92D8C58A1A63D29100AFF1D2 /* UI MockupTests.xctest */;
			productType = "com.apple.product-type.bundle.unit-test";
		};
/* End PBXNativeTarget section */

/* Begin PBXProject section */
		92717B5E1A19A7DC00B87C38 /* Project object */ = {
			isa = PBXProject;
			attributes = {
				LastUpgradeCheck = 0720;
				ORGANIZATIONNAME = kbobsoft.com;
				TargetAttributes = {
					92717B681A19A7DC00B87C38 = {
						CreatedOnToolsVersion = 6.1;
					};
					92717BE91A1B211600B87C38 = {
						CreatedOnToolsVersion = 6.1;
					};
					92D8C5771A63D29100AFF1D2 = {
						CreatedOnToolsVersion = 6.1.1;
					};
					92D8C5891A63D29100AFF1D2 = {
						CreatedOnToolsVersion = 6.1.1;
						TestTargetID = 92D8C5771A63D29100AFF1D2;
					};
				};
			};
			buildConfigurationList = 92717B611A19A7DC00B87C38 /* Build configuration list for PBXProject "MVS 4" */;
			compatibilityVersion = "Xcode 3.2";
			developmentRegion = English;
			hasScannedForEncodings = 0;
			knownRegions = (
				en,
				Base,
			);
			mainGroup = 92717B5D1A19A7DC00B87C38;
			productRefGroup = 92717B6A1A19A7DC00B87C38 /* Products */;
			projectDirPath = "";
			projectRoot = "";
			targets = (
				92717B681A19A7DC00B87C38 /* MVS 4 */,
				92717BE91A1B211600B87C38 /* One Note */,
				92D8C5771A63D29100AFF1D2 /* UI Mockup */,
				92D8C5891A63D29100AFF1D2 /* UI MockupTests */,
				922E75491A6772DA00E1FD3B /* MVS 4 Logic */,
				92A723B51A67767B007EF2AF /* MVS 4 AU Lab */,
			);
		};
/* End PBXProject section */

/* Begin PBXResourcesBuildPhase section */
		922E75741A6772DA00E1FD3B /* Resources */ = {
			isa = PBXResourcesBuildPhase;
			buildActionMask = 2147483647;
			files = (
				922E75751A6772DA00E1FD3B /* MVS 4_Prefix.pch in Resources */,
			);
			runOnlyForDeploymentPostprocessing = 0;
		};
		922E75781A6772DA00E1FD3B /* Resources */ = {
			isa = PBXResourcesBuildPhase;
			buildActionMask = 2147483647;
			files = (
			);
			runOnlyForDeploymentPostprocessing = 0;
		};
		92717B641A19A7DC00B87C38 /* Resources */ = {
			isa = PBXResourcesBuildPhase;
			buildActionMask = 2147483647;
			files = (
				92717BDA1A19A7DC00B87C38 /* MVS 4_Prefix.pch in Resources */,
			);
			runOnlyForDeploymentPostprocessing = 0;
		};
		92717B671A19A7DC00B87C38 /* Resources */ = {
			isa = PBXResourcesBuildPhase;
			buildActionMask = 2147483647;
			files = (
			);
			runOnlyForDeploymentPostprocessing = 0;
		};
		92A723E01A67767B007EF2AF /* Resources */ = {
			isa = PBXResourcesBuildPhase;
			buildActionMask = 2147483647;
			files = (
				92A723E11A67767B007EF2AF /* MVS 4_Prefix.pch in Resources */,
			);
			runOnlyForDeploymentPostprocessing = 0;
		};
		92A723E41A67767B007EF2AF /* Resources */ = {
			isa = PBXResourcesBuildPhase;
			buildActionMask = 2147483647;
			files = (
			);
			runOnlyForDeploymentPostprocessing = 0;
		};
		92D8C5761A63D29100AFF1D2 /* Resources */ = {
			isa = PBXResourcesBuildPhase;
			buildActionMask = 2147483647;
			files = (
				92D8C5821A63D29100AFF1D2 /* Images.xcassets in Resources */,
				92D8C5851A63D29100AFF1D2 /* MainMenu.xib in Resources */,
			);
			runOnlyForDeploymentPostprocessing = 0;
		};
		92D8C5881A63D29100AFF1D2 /* Resources */ = {
			isa = PBXResourcesBuildPhase;
			buildActionMask = 2147483647;
			files = (
			);
			runOnlyForDeploymentPostprocessing = 0;
		};
/* End PBXResourcesBuildPhase section */

/* Begin PBXSourcesBuildPhase section */
		922E754A1A6772DA00E1FD3B /* Sources */ = {
			isa = PBXSourcesBuildPhase;
			buildActionMask = 2147483647;
			files = (
				922E754B1A6772DA00E1FD3B /* NoiseSource.cpp in Sources */,
				922E754C1A6772DA00E1FD3B /* SynthNote.cpp in Sources */,
				922E754D1A6772DA00E1FD3B /* ModWheel.cpp in Sources */,
				922E754E1A6772DA00E1FD3B /* Mixer.cpp in Sources */,
				922E754F1A6772DA00E1FD3B /* AUScopeElement.cpp in Sources */,
				922E75501A6772DA00E1FD3B /* MVS.cpp in Sources */,
				922E75511A6772DA00E1FD3B /* Amplifier.cpp in Sources */,
				922E75521A6772DA00E1FD3B /* ParamSet.cpp in Sources */,
				922E75531A6772DA00E1FD3B /* AUOutputElement.cpp in Sources */,
				922E75541A6772DA00E1FD3B /* ComponentBase.cpp in Sources */,
				922E75551A6772DA00E1FD3B /* AUBuffer.cpp in Sources */,
				922E75561A6772DA00E1FD3B /* MusicDeviceBase.cpp in Sources */,
				922E75571A6772DA00E1FD3B /* CAMutex.cpp in Sources */,
				922E75581A6772DA00E1FD3B /* Filter.cpp in Sources */,
				922E75591A6772DA00E1FD3B /* CAAudioChannelLayout.cpp in Sources */,
				922E755A1A6772DA00E1FD3B /* SynthNoteList.cpp in Sources */,
				922E755B1A6772DA00E1FD3B /* SynthElement.cpp in Sources */,
				922E755C1A6772DA00E1FD3B /* Envelope.cpp in Sources */,
				922E755D1A6772DA00E1FD3B /* CAAUMIDIMap.cpp in Sources */,
				922E755E1A6772DA00E1FD3B /* AUBase.cpp in Sources */,
				922E755F1A6772DA00E1FD3B /* Oscillator.cpp in Sources */,
				922E75601A6772DA00E1FD3B /* Random.cpp in Sources */,
				922E75611A6772DA00E1FD3B /* CAXException.cpp in Sources */,
				922E75621A6772DA00E1FD3B /* AUPluginDispatch.cpp in Sources */,
				922E75631A6772DA00E1FD3B /* AUInputElement.cpp in Sources */,
				922E75641A6772DA00E1FD3B /* CABufferList.cpp in Sources */,
				922E75651A6772DA00E1FD3B /* CAStreamBasicDescription.cpp in Sources */,
				922E75661A6772DA00E1FD3B /* AUInstrumentBase.cpp in Sources */,
				922E75671A6772DA00E1FD3B /* CAHostTimeBase.cpp in Sources */,
				922E75681A6772DA00E1FD3B /* LFO.cpp in Sources */,
				922E75691A6772DA00E1FD3B /* CAVectorUnit.cpp in Sources */,
				922E756A1A6772DA00E1FD3B /* CAAUMIDIMapManager.cpp in Sources */,
				922E756B1A6772DA00E1FD3B /* CADebugPrintf.cpp in Sources */,
				922E756C1A6772DA00E1FD3B /* AUBaseHelper.cpp in Sources */,
				922E756D1A6772DA00E1FD3B /* Decimator.cpp in Sources */,
				922E756E1A6772DA00E1FD3B /* AUMIDIBase.cpp in Sources */,
			);
			runOnlyForDeploymentPostprocessing = 0;
		};
		922E75761A6772DA00E1FD3B /* Sources */ = {
			isa = PBXSourcesBuildPhase;
			buildActionMask = 2147483647;
			files = (
			);
			runOnlyForDeploymentPostprocessing = 0;
		};
		92717B621A19A7DC00B87C38 /* Sources */ = {
			isa = PBXSourcesBuildPhase;
			buildActionMask = 2147483647;
			files = (
				92AC4F551A2F6F3500C9DB82 /* NoiseSource.cpp in Sources */,
				92717B9B1A19A7DC00B87C38 /* SynthNote.cpp in Sources */,
				9291A6D81A45D98B00AA6E18 /* ModWheel.cpp in Sources */,
				923D02051A4BCAC30095A7DC /* Mixer.cpp in Sources */,
				92717B871A19A7DC00B87C38 /* AUScopeElement.cpp in Sources */,
				92717BD71A19A7DC00B87C38 /* MVS.cpp in Sources */,
				92E00EE41A552CE300241D82 /* Amplifier.cpp in Sources */,
				926C8C0B1A4118050082B95A /* ParamSet.cpp in Sources */,
				92717B811A19A7DC00B87C38 /* AUOutputElement.cpp in Sources */,
				92717B8A1A19A7DC00B87C38 /* ComponentBase.cpp in Sources */,
				92717B8E1A19A7DC00B87C38 /* AUBuffer.cpp in Sources */,
				92717BA51A19A7DC00B87C38 /* MusicDeviceBase.cpp in Sources */,
				92717BC61A19A7DC00B87C38 /* CAMutex.cpp in Sources */,
				92E00EE81A56167400241D82 /* Filter.cpp in Sources */,
				92717BB61A19A7DC00B87C38 /* CAAudioChannelLayout.cpp in Sources */,
				92717B9E1A19A7DC00B87C38 /* SynthNoteList.cpp in Sources */,
				92717B971A19A7DC00B87C38 /* SynthElement.cpp in Sources */,
				92717BE21A19B5DD00B87C38 /* Envelope.cpp in Sources */,
				92717BAD1A19A7DC00B87C38 /* CAAUMIDIMap.cpp in Sources */,
				92717B7A1A19A7DC00B87C38 /* AUBase.cpp in Sources */,
				92717BE51A1A498100B87C38 /* Oscillator.cpp in Sources */,
				92DD0C071A4691CC00B18028 /* Random.cpp in Sources */,
				92717BD21A19A7DC00B87C38 /* CAXException.cpp in Sources */,
				92717B841A19A7DC00B87C38 /* AUPluginDispatch.cpp in Sources */,
				92717B7E1A19A7DC00B87C38 /* AUInputElement.cpp in Sources */,
				92717BBA1A19A7DC00B87C38 /* CABufferList.cpp in Sources */,
				92717BCA1A19A7DC00B87C38 /* CAStreamBasicDescription.cpp in Sources */,
				92717B921A19A7DC00B87C38 /* AUInstrumentBase.cpp in Sources */,
				92717BC21A19A7DC00B87C38 /* CAHostTimeBase.cpp in Sources */,
				92DD0C041A468F2500B18028 /* LFO.cpp in Sources */,
				92717BCE1A19A7DC00B87C38 /* CAVectorUnit.cpp in Sources */,
				92717BB01A19A7DC00B87C38 /* CAAUMIDIMapManager.cpp in Sources */,
				92717BBE1A19A7DC00B87C38 /* CADebugPrintf.cpp in Sources */,
				92717BA81A19A7DC00B87C38 /* AUBaseHelper.cpp in Sources */,
				929D3C391A2A3DDC0049102A /* Decimator.cpp in Sources */,
				92717BA21A19A7DC00B87C38 /* AUMIDIBase.cpp in Sources */,
			);
			runOnlyForDeploymentPostprocessing = 0;
		};
		92717B651A19A7DC00B87C38 /* Sources */ = {
			isa = PBXSourcesBuildPhase;
			buildActionMask = 2147483647;
			files = (
			);
			runOnlyForDeploymentPostprocessing = 0;
		};
		92717BE61A1B211600B87C38 /* Sources */ = {
			isa = PBXSourcesBuildPhase;
			buildActionMask = 2147483647;
			files = (
				92717BED1A1B211600B87C38 /* main.cpp in Sources */,
				92E00EE91A56167400241D82 /* Filter.cpp in Sources */,
				92E00EE51A552CE300241D82 /* Amplifier.cpp in Sources */,
				92717BF11A1B2BC100B87C38 /* Envelope.cpp in Sources */,
				929D3C3A1A2A3DDC0049102A /* Decimator.cpp in Sources */,
				92717BF21A1B2BC500B87C38 /* Oscillator.cpp in Sources */,
			);
			runOnlyForDeploymentPostprocessing = 0;
		};
		92A723B61A67767B007EF2AF /* Sources */ = {
			isa = PBXSourcesBuildPhase;
			buildActionMask = 2147483647;
			files = (
				92A723B71A67767B007EF2AF /* NoiseSource.cpp in Sources */,
				92A723B81A67767B007EF2AF /* SynthNote.cpp in Sources */,
				92A723B91A67767B007EF2AF /* ModWheel.cpp in Sources */,
				92A723BA1A67767B007EF2AF /* Mixer.cpp in Sources */,
				92A723BB1A67767B007EF2AF /* AUScopeElement.cpp in Sources */,
				92A723BC1A67767B007EF2AF /* MVS.cpp in Sources */,
				92A723BD1A67767B007EF2AF /* Amplifier.cpp in Sources */,
				92A723BE1A67767B007EF2AF /* ParamSet.cpp in Sources */,
				92A723BF1A67767B007EF2AF /* AUOutputElement.cpp in Sources */,
				92A723C01A67767B007EF2AF /* ComponentBase.cpp in Sources */,
				92A723C11A67767B007EF2AF /* AUBuffer.cpp in Sources */,
				92A723C21A67767B007EF2AF /* MusicDeviceBase.cpp in Sources */,
				92A723C31A67767B007EF2AF /* CAMutex.cpp in Sources */,
				92A723C41A67767B007EF2AF /* Filter.cpp in Sources */,
				92A723C51A67767B007EF2AF /* CAAudioChannelLayout.cpp in Sources */,
				92A723C61A67767B007EF2AF /* SynthNoteList.cpp in Sources */,
				92A723C71A67767B007EF2AF /* SynthElement.cpp in Sources */,
				92A723C81A67767B007EF2AF /* Envelope.cpp in Sources */,
				92A723C91A67767B007EF2AF /* CAAUMIDIMap.cpp in Sources */,
				92A723CA1A67767B007EF2AF /* AUBase.cpp in Sources */,
				92A723CB1A67767B007EF2AF /* Oscillator.cpp in Sources */,
				92A723CC1A67767B007EF2AF /* Random.cpp in Sources */,
				92A723CD1A67767B007EF2AF /* CAXException.cpp in Sources */,
				92A723CE1A67767B007EF2AF /* AUPluginDispatch.cpp in Sources */,
				92A723CF1A67767B007EF2AF /* AUInputElement.cpp in Sources */,
				92A723D01A67767B007EF2AF /* CABufferList.cpp in Sources */,
				92A723D11A67767B007EF2AF /* CAStreamBasicDescription.cpp in Sources */,
				92A723D21A67767B007EF2AF /* AUInstrumentBase.cpp in Sources */,
				92A723D31A67767B007EF2AF /* CAHostTimeBase.cpp in Sources */,
				92A723D41A67767B007EF2AF /* LFO.cpp in Sources */,
				92A723D51A67767B007EF2AF /* CAVectorUnit.cpp in Sources */,
				92A723D61A67767B007EF2AF /* CAAUMIDIMapManager.cpp in Sources */,
				92A723D71A67767B007EF2AF /* CADebugPrintf.cpp in Sources */,
				92A723D81A67767B007EF2AF /* AUBaseHelper.cpp in Sources */,
				92A723D91A67767B007EF2AF /* Decimator.cpp in Sources */,
				92A723DA1A67767B007EF2AF /* AUMIDIBase.cpp in Sources */,
			);
			runOnlyForDeploymentPostprocessing = 0;
		};
		92A723E21A67767B007EF2AF /* Sources */ = {
			isa = PBXSourcesBuildPhase;
			buildActionMask = 2147483647;
			files = (
			);
			runOnlyForDeploymentPostprocessing = 0;
		};
		92D8C5741A63D29100AFF1D2 /* Sources */ = {
			isa = PBXSourcesBuildPhase;
			buildActionMask = 2147483647;
			files = (
				92D8C5801A63D29100AFF1D2 /* main.m in Sources */,
				92D8C57E1A63D29100AFF1D2 /* AppDelegate.m in Sources */,
			);
			runOnlyForDeploymentPostprocessing = 0;
		};
		92D8C5861A63D29100AFF1D2 /* Sources */ = {
			isa = PBXSourcesBuildPhase;
			buildActionMask = 2147483647;
			files = (
				92D8C5911A63D29100AFF1D2 /* UI_MockupTests.m in Sources */,
			);
			runOnlyForDeploymentPostprocessing = 0;
		};
/* End PBXSourcesBuildPhase section */

/* Begin PBXTargetDependency section */
		92D8C58C1A63D29100AFF1D2 /* PBXTargetDependency */ = {
			isa = PBXTargetDependency;
			target = 92D8C5771A63D29100AFF1D2 /* UI Mockup */;
			targetProxy = 92D8C58B1A63D29100AFF1D2 /* PBXContainerItemProxy */;
		};
/* End PBXTargetDependency section */

/* Begin PBXVariantGroup section */
		92D8C5831A63D29100AFF1D2 /* MainMenu.xib */ = {
			isa = PBXVariantGroup;
			children = (
				92D8C5841A63D29100AFF1D2 /* Base */,
			);
			name = MainMenu.xib;
			sourceTree = "<group>";
		};
/* End PBXVariantGroup section */

/* Begin XCBuildConfiguration section */
		922E757A1A6772DA00E1FD3B /* Debug */ = {
			isa = XCBuildConfiguration;
			buildSettings = {
				COMBINE_HIDPI_IMAGES = YES;
				GCC_PRECOMPILE_PREFIX_HEADER = YES;
				GCC_PREFIX_HEADER = "MVS 4/MVS 4_Prefix.pch";
				GCC_PREPROCESSOR_DEFINITIONS = (
					CA_USE_AUDIO_PLUGIN_ONLY,
					CA_AUTO_MIDI_MAP,
					"$(inherited)",
				);
				INFOPLIST_FILE = "MVS 4 - Logic-Info.plist";
				INSTALL_PATH = "$(USER_LIBRARY_DIR)/Audio/Plug-Ins/Components";
				PRODUCT_BUNDLE_IDENTIFIER = "com.kbobsoft.$(PRODUCT_NAME:rfc1034identifier)";
				PRODUCT_NAME = "MVS 4 — Logic";
				SKIP_INSTALL = YES;
				WRAPPER_EXTENSION = component;
			};
			name = Debug;
		};
		922E757B1A6772DA00E1FD3B /* Release */ = {
			isa = XCBuildConfiguration;
			buildSettings = {
				COMBINE_HIDPI_IMAGES = YES;
				GCC_PRECOMPILE_PREFIX_HEADER = YES;
				GCC_PREFIX_HEADER = "MVS 4/MVS 4_Prefix.pch";
				GCC_PREPROCESSOR_DEFINITIONS = (
					CA_USE_AUDIO_PLUGIN_ONLY,
					CA_AUTO_MIDI_MAP,
					"$(inherited)",
				);
				INFOPLIST_FILE = "MVS 4 - Logic-Info.plist";
				INSTALL_PATH = "$(USER_LIBRARY_DIR)/Audio/Plug-Ins/Components";
				PRODUCT_BUNDLE_IDENTIFIER = "com.kbobsoft.$(PRODUCT_NAME:rfc1034identifier)";
				PRODUCT_NAME = "MVS 4 — Logic";
				SKIP_INSTALL = YES;
				WRAPPER_EXTENSION = component;
			};
			name = Release;
		};
		92717BDB1A19A7DC00B87C38 /* Debug */ = {
			isa = XCBuildConfiguration;
			buildSettings = {
				ALWAYS_SEARCH_USER_PATHS = NO;
				CLANG_CXX_LANGUAGE_STANDARD = "gnu++0x";
				CLANG_CXX_LIBRARY = "libc++";
				CLANG_ENABLE_MODULES = YES;
				CLANG_ENABLE_OBJC_ARC = YES;
				CLANG_WARN_BOOL_CONVERSION = YES;
				CLANG_WARN_CONSTANT_CONVERSION = YES;
				CLANG_WARN_DIRECT_OBJC_ISA_USAGE = YES_ERROR;
				CLANG_WARN_EMPTY_BODY = YES;
				CLANG_WARN_ENUM_CONVERSION = YES;
				CLANG_WARN_INT_CONVERSION = YES;
				CLANG_WARN_OBJC_ROOT_CLASS = YES_ERROR;
				CLANG_WARN_UNREACHABLE_CODE = YES;
				CLANG_WARN__DUPLICATE_METHOD_MATCH = YES;
				COPY_PHASE_STRIP = NO;
				ENABLE_STRICT_OBJC_MSGSEND = YES;
				ENABLE_TESTABILITY = YES;
				GCC_C_LANGUAGE_STANDARD = gnu99;
				GCC_DYNAMIC_NO_PIC = NO;
				GCC_OPTIMIZATION_LEVEL = 0;
				GCC_PREPROCESSOR_DEFINITIONS = (
					"DEBUG=1",
					"$(inherited)",
				);
				GCC_SYMBOLS_PRIVATE_EXTERN = NO;
				GCC_WARN_64_TO_32_BIT_CONVERSION = YES;
				GCC_WARN_ABOUT_RETURN_TYPE = YES_ERROR;
				GCC_WARN_UNDECLARED_SELECTOR = YES;
				GCC_WARN_UNINITIALIZED_AUTOS = YES_AGGRESSIVE;
				GCC_WARN_UNUSED_FUNCTION = YES;
				GCC_WARN_UNUSED_VARIABLE = YES;
				MACOSX_DEPLOYMENT_TARGET = 10.10;
				MTL_ENABLE_DEBUG_INFO = YES;
				ONLY_ACTIVE_ARCH = YES;
				SDKROOT = macosx;
			};
			name = Debug;
		};
		92717BDC1A19A7DC00B87C38 /* Release */ = {
			isa = XCBuildConfiguration;
			buildSettings = {
				ALWAYS_SEARCH_USER_PATHS = NO;
				CLANG_CXX_LANGUAGE_STANDARD = "gnu++0x";
				CLANG_CXX_LIBRARY = "libc++";
				CLANG_ENABLE_MODULES = YES;
				CLANG_ENABLE_OBJC_ARC = YES;
				CLANG_WARN_BOOL_CONVERSION = YES;
				CLANG_WARN_CONSTANT_CONVERSION = YES;
				CLANG_WARN_DIRECT_OBJC_ISA_USAGE = YES_ERROR;
				CLANG_WARN_EMPTY_BODY = YES;
				CLANG_WARN_ENUM_CONVERSION = YES;
				CLANG_WARN_INT_CONVERSION = YES;
				CLANG_WARN_OBJC_ROOT_CLASS = YES_ERROR;
				CLANG_WARN_UNREACHABLE_CODE = YES;
				CLANG_WARN__DUPLICATE_METHOD_MATCH = YES;
				COPY_PHASE_STRIP = YES;
				DEBUG_INFORMATION_FORMAT = "dwarf-with-dsym";
				ENABLE_NS_ASSERTIONS = NO;
				ENABLE_STRICT_OBJC_MSGSEND = YES;
				GCC_C_LANGUAGE_STANDARD = gnu99;
				GCC_OPTIMIZATION_LEVEL = 3;
				GCC_UNROLL_LOOPS = YES;
				GCC_WARN_64_TO_32_BIT_CONVERSION = YES;
				GCC_WARN_ABOUT_RETURN_TYPE = YES_ERROR;
				GCC_WARN_UNDECLARED_SELECTOR = YES;
				GCC_WARN_UNINITIALIZED_AUTOS = YES_AGGRESSIVE;
				GCC_WARN_UNUSED_FUNCTION = YES;
				GCC_WARN_UNUSED_VARIABLE = YES;
				MACOSX_DEPLOYMENT_TARGET = 10.10;
				MTL_ENABLE_DEBUG_INFO = NO;
				SDKROOT = macosx;
			};
			name = Release;
		};
		92717BDE1A19A7DC00B87C38 /* Debug */ = {
			isa = XCBuildConfiguration;
			buildSettings = {
				COMBINE_HIDPI_IMAGES = YES;
				GCC_PRECOMPILE_PREFIX_HEADER = YES;
				GCC_PREFIX_HEADER = "MVS 4/MVS 4_Prefix.pch";
				GCC_PREPROCESSOR_DEFINITIONS = (
					CA_USE_AUDIO_PLUGIN_ONLY,
					CA_AUTO_MIDI_MAP,
					"$(inherited)",
				);
				INFOPLIST_FILE = "MVS 4/Info.plist";
				INSTALL_PATH = "$(USER_LIBRARY_DIR)/Audio/Plug-Ins/Components";
				PRODUCT_BUNDLE_IDENTIFIER = "com.kbobsoft.$(PRODUCT_NAME:rfc1034identifier)";
				PRODUCT_NAME = "MVS 4";
				SKIP_INSTALL = YES;
				WRAPPER_EXTENSION = component;
			};
			name = Debug;
		};
		92717BDF1A19A7DC00B87C38 /* Release */ = {
			isa = XCBuildConfiguration;
			buildSettings = {
				COMBINE_HIDPI_IMAGES = YES;
				GCC_PRECOMPILE_PREFIX_HEADER = YES;
				GCC_PREFIX_HEADER = "MVS 4/MVS 4_Prefix.pch";
				GCC_PREPROCESSOR_DEFINITIONS = (
					CA_USE_AUDIO_PLUGIN_ONLY,
					CA_AUTO_MIDI_MAP,
					"$(inherited)",
				);
				INFOPLIST_FILE = "MVS 4/Info.plist";
				INSTALL_PATH = "$(USER_LIBRARY_DIR)/Audio/Plug-Ins/Components";
				PRODUCT_BUNDLE_IDENTIFIER = "com.kbobsoft.$(PRODUCT_NAME:rfc1034identifier)";
				PRODUCT_NAME = "MVS 4";
				SKIP_INSTALL = YES;
				WRAPPER_EXTENSION = component;
			};
			name = Release;
		};
		92717BEF1A1B211600B87C38 /* Debug */ = {
			isa = XCBuildConfiguration;
			buildSettings = {
				GCC_PRECOMPILE_PREFIX_HEADER = YES;
				GCC_PREFIX_HEADER = "MVS 4/MVS 4_Prefix.pch";
				GCC_PREPROCESSOR_DEFINITIONS = (
					"DEBUG=1",
					"$(inherited)",
				);
				PRODUCT_NAME = "$(TARGET_NAME)";
			};
			name = Debug;
		};
		92717BF01A1B211600B87C38 /* Release */ = {
			isa = XCBuildConfiguration;
			buildSettings = {
				GCC_PRECOMPILE_PREFIX_HEADER = YES;
				GCC_PREFIX_HEADER = "MVS 4/MVS 4_Prefix.pch";
				PRODUCT_NAME = "$(TARGET_NAME)";
			};
			name = Release;
		};
		92A723E61A67767B007EF2AF /* Debug */ = {
			isa = XCBuildConfiguration;
			buildSettings = {
				COMBINE_HIDPI_IMAGES = YES;
				GCC_PRECOMPILE_PREFIX_HEADER = YES;
				GCC_PREFIX_HEADER = "MVS 4/MVS 4_Prefix.pch";
				GCC_PREPROCESSOR_DEFINITIONS = (
					AULAB_BUG_COMPAT,
					CA_USE_AUDIO_PLUGIN_ONLY,
					CA_AUTO_MIDI_MAP,
					"$(inherited)",
				);
				INFOPLIST_FILE = "MVS 4 - AU Lab-Info.plist";
				INSTALL_PATH = "$(USER_LIBRARY_DIR)/Audio/Plug-Ins/Components";
				PRODUCT_BUNDLE_IDENTIFIER = "com.kbobsoft.$(PRODUCT_NAME:rfc1034identifier)";
				PRODUCT_NAME = "MVS 4 - AU Lab";
				SKIP_INSTALL = YES;
				WRAPPER_EXTENSION = component;
			};
			name = Debug;
		};
		92A723E71A67767B007EF2AF /* Release */ = {
			isa = XCBuildConfiguration;
			buildSettings = {
				COMBINE_HIDPI_IMAGES = YES;
				GCC_PRECOMPILE_PREFIX_HEADER = YES;
				GCC_PREFIX_HEADER = "MVS 4/MVS 4_Prefix.pch";
				GCC_PREPROCESSOR_DEFINITIONS = (
					AULAB_BUG_COMPAT,
					CA_USE_AUDIO_PLUGIN_ONLY,
					CA_AUTO_MIDI_MAP,
					"$(inherited)",
				);
				INFOPLIST_FILE = "MVS 4 - AU Lab-Info.plist";
				INSTALL_PATH = "$(USER_LIBRARY_DIR)/Audio/Plug-Ins/Components";
				PRODUCT_BUNDLE_IDENTIFIER = "com.kbobsoft.$(PRODUCT_NAME:rfc1034identifier)";
				PRODUCT_NAME = "MVS 4 - AU Lab";
				SKIP_INSTALL = YES;
				WRAPPER_EXTENSION = component;
			};
			name = Release;
		};
		92D8C5921A63D29100AFF1D2 /* Debug */ = {
			isa = XCBuildConfiguration;
			buildSettings = {
				ASSETCATALOG_COMPILER_APPICON_NAME = AppIcon;
				CODE_SIGN_IDENTITY = "-";
				COMBINE_HIDPI_IMAGES = YES;
				GCC_PREPROCESSOR_DEFINITIONS = (
					"DEBUG=1",
					"$(inherited)",
				);
				INFOPLIST_FILE = "UI Mockup/Info.plist";
				LD_RUNPATH_SEARCH_PATHS = "$(inherited) @executable_path/../Frameworks";
				PRODUCT_BUNDLE_IDENTIFIER = "com.kbobsoft.$(PRODUCT_NAME:rfc1034identifier)";
				PRODUCT_NAME = "$(TARGET_NAME)";
			};
			name = Debug;
		};
		92D8C5931A63D29100AFF1D2 /* Release */ = {
			isa = XCBuildConfiguration;
			buildSettings = {
				ASSETCATALOG_COMPILER_APPICON_NAME = AppIcon;
				CODE_SIGN_IDENTITY = "-";
				COMBINE_HIDPI_IMAGES = YES;
				INFOPLIST_FILE = "UI Mockup/Info.plist";
				LD_RUNPATH_SEARCH_PATHS = "$(inherited) @executable_path/../Frameworks";
				PRODUCT_BUNDLE_IDENTIFIER = "com.kbobsoft.$(PRODUCT_NAME:rfc1034identifier)";
				PRODUCT_NAME = "$(TARGET_NAME)";
			};
			name = Release;
		};
		92D8C5941A63D29100AFF1D2 /* Debug */ = {
			isa = XCBuildConfiguration;
			buildSettings = {
				BUNDLE_LOADER = "$(TEST_HOST)";
				COMBINE_HIDPI_IMAGES = YES;
				FRAMEWORK_SEARCH_PATHS = (
					"$(DEVELOPER_FRAMEWORKS_DIR)",
					"$(inherited)",
				);
				GCC_PREPROCESSOR_DEFINITIONS = (
					"DEBUG=1",
					"$(inherited)",
				);
				INFOPLIST_FILE = "UI MockupTests/Info.plist";
				LD_RUNPATH_SEARCH_PATHS = "$(inherited) @executable_path/../Frameworks @loader_path/../Frameworks";
				PRODUCT_BUNDLE_IDENTIFIER = "com.kbobsoft.$(PRODUCT_NAME:rfc1034identifier)";
				PRODUCT_NAME = "$(TARGET_NAME)";
				TEST_HOST = "$(BUILT_PRODUCTS_DIR)/UI Mockup.app/Contents/MacOS/UI Mockup";
			};
			name = Debug;
		};
		92D8C5951A63D29100AFF1D2 /* Release */ = {
			isa = XCBuildConfiguration;
			buildSettings = {
				BUNDLE_LOADER = "$(TEST_HOST)";
				COMBINE_HIDPI_IMAGES = YES;
				FRAMEWORK_SEARCH_PATHS = (
					"$(DEVELOPER_FRAMEWORKS_DIR)",
					"$(inherited)",
				);
				INFOPLIST_FILE = "UI MockupTests/Info.plist";
				LD_RUNPATH_SEARCH_PATHS = "$(inherited) @executable_path/../Frameworks @loader_path/../Frameworks";
				PRODUCT_BUNDLE_IDENTIFIER = "com.kbobsoft.$(PRODUCT_NAME:rfc1034identifier)";
				PRODUCT_NAME = "$(TARGET_NAME)";
				TEST_HOST = "$(BUILT_PRODUCTS_DIR)/UI Mockup.app/Contents/MacOS/UI Mockup";
			};
			name = Release;
		};
/* End XCBuildConfiguration section */

/* Begin XCConfigurationList section */
		922E75791A6772DA00E1FD3B /* Build configuration list for PBXNativeTarget "MVS 4 Logic" */ = {
			isa = XCConfigurationList;
			buildConfigurations = (
				922E757A1A6772DA00E1FD3B /* Debug */,
				922E757B1A6772DA00E1FD3B /* Release */,
			);
			defaultConfigurationIsVisible = 0;
			defaultConfigurationName = Release;
		};
		92717B611A19A7DC00B87C38 /* Build configuration list for PBXProject "MVS 4" */ = {
			isa = XCConfigurationList;
			buildConfigurations = (
				92717BDB1A19A7DC00B87C38 /* Debug */,
				92717BDC1A19A7DC00B87C38 /* Release */,
			);
			defaultConfigurationIsVisible = 0;
			defaultConfigurationName = Release;
		};
		92717BDD1A19A7DC00B87C38 /* Build configuration list for PBXNativeTarget "MVS 4" */ = {
			isa = XCConfigurationList;
			buildConfigurations = (
				92717BDE1A19A7DC00B87C38 /* Debug */,
				92717BDF1A19A7DC00B87C38 /* Release */,
			);
			defaultConfigurationIsVisible = 0;
			defaultConfigurationName = Release;
		};
		92717BEE1A1B211600B87C38 /* Build configuration list for PBXNativeTarget "One Note" */ = {
			isa = XCConfigurationList;
			buildConfigurations = (
				92717BEF1A1B211600B87C38 /* Debug */,
				92717BF01A1B211600B87C38 /* Release */,
			);
			defaultConfigurationIsVisible = 0;
			defaultConfigurationName = Release;
		};
		92A723E51A67767B007EF2AF /* Build configuration list for PBXNativeTarget "MVS 4 AU Lab" */ = {
			isa = XCConfigurationList;
			buildConfigurations = (
				92A723E61A67767B007EF2AF /* Debug */,
				92A723E71A67767B007EF2AF /* Release */,
			);
			defaultConfigurationIsVisible = 0;
			defaultConfigurationName = Release;
		};
		92D8C5961A63D29100AFF1D2 /* Build configuration list for PBXNativeTarget "UI Mockup" */ = {
			isa = XCConfigurationList;
			buildConfigurations = (
				92D8C5921A63D29100AFF1D2 /* Debug */,
				92D8C5931A63D29100AFF1D2 /* Release */,
			);
			defaultConfigurationIsVisible = 0;
			defaultConfigurationName = Release;
		};
		92D8C5971A63D29100AFF1D2 /* Build configuration list for PBXNativeTarget "UI MockupTests" */ = {
			isa = XCConfigurationList;
			buildConfigurations = (
				92D8C5941A63D29100AFF1D2 /* Debug */,
				92D8C5951A63D29100AFF1D2 /* Release */,
			);
			defaultConfigurationIsVisible = 0;
			defaultConfigurationName = Release;
		};
/* End XCConfigurationList section */
	};
	rootObject = 92717B5E1A19A7DC00B87C38 /* Project object */;
}
